// !$*UTF8*$!
{
	archiveVersion = 1;
	classes = {
	};
	objectVersion = 46;
	objects = {

/* Begin PBXBuildFile section */
		E61010C2176FE08900ACF17D /* praxpress-document.icns in Resources */ = {isa = PBXBuildFile; fileRef = E61010C0176FE08900ACF17D /* praxpress-document.icns */; };
		E61010C3176FE08900ACF17D /* praxpress-templates.icns in Resources */ = {isa = PBXBuildFile; fileRef = E61010C1176FE08900ACF17D /* praxpress-templates.icns */; };
		E61021A217BADFC0001E0ED3 /* SoundCloud.png in Resources */ = {isa = PBXBuildFile; fileRef = E61021A117BADFC0001E0ED3 /* SoundCloud.png */; };
		E61021AA17BAF2D2001E0ED3 /* playlist.png in Resources */ = {isa = PBXBuildFile; fileRef = E61021A817BAF2D2001E0ED3 /* playlist.png */; };
		E61021AB17BAF2D2001E0ED3 /* track.png in Resources */ = {isa = PBXBuildFile; fileRef = E61021A917BAF2D2001E0ED3 /* track.png */; };
		E61021AD17BAF6F3001E0ED3 /* PlaylistFrame.png in Resources */ = {isa = PBXBuildFile; fileRef = E61021AC17BAF6F3001E0ED3 /* PlaylistFrame.png */; };
		E6192A8D18590223001BACD4 /* Widget.m in Sources */ = {isa = PBXBuildFile; fileRef = E6192A8C18590223001BACD4 /* Widget.m */; };
		E6192A9118595908001BACD4 /* WidgetViewController.m in Sources */ = {isa = PBXBuildFile; fileRef = E6192A8F18595908001BACD4 /* WidgetViewController.m */; };
		E6192A9218595908001BACD4 /* WidgetViewController.xib in Resources */ = {isa = PBXBuildFile; fileRef = E6192A9018595908001BACD4 /* WidgetViewController.xib */; };
		E61CF90317718A6F0038A502 /* PraxPress.icns in Resources */ = {isa = PBXBuildFile; fileRef = E61CF90217718A6F0038A502 /* PraxPress.icns */; };
		E61F38ED17962EEA00728A24 /* Document+DocumentUserInterface.m in Sources */ = {isa = PBXBuildFile; fileRef = E61F38EC17962EEA00728A24 /* Document+DocumentUserInterface.m */; };
		E624D84215EAB03D0066D7D7 /* Asset.m in Sources */ = {isa = PBXBuildFile; fileRef = E6EDDE2615DC0CF60039BEFD /* Asset.m */; };
		E6297BB4183E8D4B00D58A16 /* SourceInfoPanel.xib in Resources */ = {isa = PBXBuildFile; fileRef = E6297BB3183E8D4B00D58A16 /* SourceInfoPanel.xib */; };
		E6297BBC183E91DF00D58A16 /* SourceInfoPanel.m in Sources */ = {isa = PBXBuildFile; fileRef = E6297BBB183E91DF00D58A16 /* SourceInfoPanel.m */; };
		E63E87C215E05B5900110570 /* PraxTransformers.m in Sources */ = {isa = PBXBuildFile; fileRef = E63E87C115E05B5900110570 /* PraxTransformers.m */; };
		E642A03317862F04003FF23C /* PraxPredicateEditorRowTemplate.m in Sources */ = {isa = PBXBuildFile; fileRef = E642A02E1786283C003FF23C /* PraxPredicateEditorRowTemplate.m */; };
		E642A03417862F13003FF23C /* SourceController.m in Sources */ = {isa = PBXBuildFile; fileRef = E642A032178628CD003FF23C /* SourceController.m */; };
		E642A03517862F1D003FF23C /* RequestController.m in Sources */ = {isa = PBXBuildFile; fileRef = E642A030178628CD003FF23C /* RequestController.m */; };
		E642A03617862F5D003FF23C /* Source.m in Sources */ = {isa = PBXBuildFile; fileRef = E642A02A17862096003FF23C /* Source.m */; };
		E642A04217862FF6003FF23C /* AssetListViewController.m in Sources */ = {isa = PBXBuildFile; fileRef = E642A03A17862FF6003FF23C /* AssetListViewController.m */; };
		E642A04317862FF6003FF23C /* SourcePopovers.m in Sources */ = {isa = PBXBuildFile; fileRef = E642A03C17862FF6003FF23C /* SourcePopovers.m */; };
		E642A04817863934003FF23C /* PraxPress.xib in Resources */ = {isa = PBXBuildFile; fileRef = E642A04617863934003FF23C /* PraxPress.xib */; };
		E642A04A178639A3003FF23C /* AssetListView.xib in Resources */ = {isa = PBXBuildFile; fileRef = E642A049178639A3003FF23C /* AssetListView.xib */; };
		E642A04C178639FA003FF23C /* SourceListCellViews.xib in Resources */ = {isa = PBXBuildFile; fileRef = E642A04B178639FA003FF23C /* SourceListCellViews.xib */; };
		E642A05017863A87003FF23C /* greenlight.tiff in Resources */ = {isa = PBXBuildFile; fileRef = E642A04D17863A87003FF23C /* greenlight.tiff */; };
		E642A05117863A87003FF23C /* orangelight.tiff in Resources */ = {isa = PBXBuildFile; fileRef = E642A04E17863A87003FF23C /* orangelight.tiff */; };
		E642A05217863A87003FF23C /* redlight.tiff in Resources */ = {isa = PBXBuildFile; fileRef = E642A04F17863A87003FF23C /* redlight.tiff */; };
		E642A056178643CE003FF23C /* WebKit.framework in Frameworks */ = {isa = PBXBuildFile; fileRef = E642A055178643CE003FF23C /* WebKit.framework */; };
		E64555A916A76F6900740F45 /* TagController.m in Sources */ = {isa = PBXBuildFile; fileRef = E64555A816A76F6900740F45 /* TagController.m */; };
		E64555AC16A773C000740F45 /* Tag.m in Sources */ = {isa = PBXBuildFile; fileRef = E64555AB16A773BF00740F45 /* Tag.m */; };
		E6486D2C182AFA1A000D8D73 /* Download.png in Resources */ = {isa = PBXBuildFile; fileRef = E6486D2A182AFA1A000D8D73 /* Download.png */; };
		E6486D2D182AFA1A000D8D73 /* Upload.png in Resources */ = {isa = PBXBuildFile; fileRef = E6486D2B182AFA1A000D8D73 /* Upload.png */; };
		E656BEC718515445009254BE /* MultipleChangePopover.m in Sources */ = {isa = PBXBuildFile; fileRef = E656BEC518515445009254BE /* MultipleChangePopover.m */; };
		E656BEC818515445009254BE /* MultipleChangePopover.xib in Resources */ = {isa = PBXBuildFile; fileRef = E656BEC618515445009254BE /* MultipleChangePopover.xib */; };
		E65F7D5318380159005F9C9F /* tracks.png in Resources */ = {isa = PBXBuildFile; fileRef = E65F7D4C18380159005F9C9F /* tracks.png */; };
		E65F7D5418380159005F9C9F /* playlists.png in Resources */ = {isa = PBXBuildFile; fileRef = E65F7D4D18380159005F9C9F /* playlists.png */; };
		E65F7D5518380159005F9C9F /* plays.png in Resources */ = {isa = PBXBuildFile; fileRef = E65F7D4E18380159005F9C9F /* plays.png */; };
		E65F7D5618380159005F9C9F /* reposts.png in Resources */ = {isa = PBXBuildFile; fileRef = E65F7D4F18380159005F9C9F /* reposts.png */; };
		E65F7D5718380159005F9C9F /* downloads.png in Resources */ = {isa = PBXBuildFile; fileRef = E65F7D5018380159005F9C9F /* downloads.png */; };
		E65F7D5818380159005F9C9F /* comments.png in Resources */ = {isa = PBXBuildFile; fileRef = E65F7D5118380159005F9C9F /* comments.png */; };
		E65F7D5918380159005F9C9F /* favorites.png in Resources */ = {isa = PBXBuildFile; fileRef = E65F7D5218380159005F9C9F /* favorites.png */; };
		E66055D61870D52100787612 /* Prax.m in Sources */ = {isa = PBXBuildFile; fileRef = E66055D51870D52100787612 /* Prax.m */; };
		E66E6C2216A32691006F07D1 /* AssetMetadataPopover.m in Sources */ = {isa = PBXBuildFile; fileRef = E66E6C2016A3268F006F07D1 /* AssetMetadataPopover.m */; };
		E66E6C2316A32691006F07D1 /* AssetMetadataPopover.xib in Resources */ = {isa = PBXBuildFile; fileRef = E66E6C2116A32690006F07D1 /* AssetMetadataPopover.xib */; };
		E67007C217873A2B0052FC2B /* isNotSelectedImage.tiff in Resources */ = {isa = PBXBuildFile; fileRef = E67007C017873A2B0052FC2B /* isNotSelectedImage.tiff */; };
		E67007C317873A2B0052FC2B /* isSelectedImage.tiff in Resources */ = {isa = PBXBuildFile; fileRef = E67007C117873A2B0052FC2B /* isSelectedImage.tiff */; };
		E672B40A179C45750036A106 /* TemplateController.m in Sources */ = {isa = PBXBuildFile; fileRef = E672B409179C45750036A106 /* TemplateController.m */; };
		E6775E4816A4BF4C00CDA34B /* Template.m in Sources */ = {isa = PBXBuildFile; fileRef = E6775E4716A4BF4C00CDA34B /* Template.m */; };
		E682EF5417723E540008642C /* OAuth2Client.framework in CopyFiles */ = {isa = PBXBuildFile; fileRef = E676BFCF1772225E007C81B0 /* OAuth2Client.framework */; };
		E68A34D918559898007D8D7B /* PraxTokenField.m in Sources */ = {isa = PBXBuildFile; fileRef = E68A34D818559898007D8D7B /* PraxTokenField.m */; };
		E69270C118295AEA00E5B202 /* NSSplitView+DMAdditions.m in Sources */ = {isa = PBXBuildFile; fileRef = E69270C018295AEA00E5B202 /* NSSplitView+DMAdditions.m */; };
		E6A142BA1853CB31001B9F6C /* PraxButton.m in Sources */ = {isa = PBXBuildFile; fileRef = E6A142B91853CB31001B9F6C /* PraxButton.m */; };
		E6B1DCA9183D66C40089AA21 /* WordPress.png in Resources */ = {isa = PBXBuildFile; fileRef = E6B1DCA8183D66C40089AA21 /* WordPress.png */; };
		E6BC79A815C4759800080762 /* InfoPlist.strings in Resources */ = {isa = PBXBuildFile; fileRef = E6BC79A615C4759800080762 /* InfoPlist.strings */; };
		E6BC79AA15C4759800080762 /* main.m in Sources */ = {isa = PBXBuildFile; fileRef = E6BC79A915C4759800080762 /* main.m */; };
		E6BC79AE15C4759800080762 /* Credits.rtf in Resources */ = {isa = PBXBuildFile; fileRef = E6BC79AC15C4759800080762 /* Credits.rtf */; };
		E6BC79B115C4759800080762 /* Document.m in Sources */ = {isa = PBXBuildFile; fileRef = E6BC79B015C4759800080762 /* Document.m */; };
		E6BC79B715C4759800080762 /* MainMenu.xib in Resources */ = {isa = PBXBuildFile; fileRef = E6BC79B515C4759800080762 /* MainMenu.xib */; };
		E6BC79F715C48FE300080762 /* SpecialProtocol.m in Sources */ = {isa = PBXBuildFile; fileRef = E6BC79F615C48FE300080762 /* SpecialProtocol.m */; };
		E6BFE3D1185F6EBC001806B7 /* BWTokenAttachmentCell.m in Sources */ = {isa = PBXBuildFile; fileRef = E6BFE3CC185F6EBC001806B7 /* BWTokenAttachmentCell.m */; };
		E6BFE3D2185F6EBC001806B7 /* BWTokenFieldCell.m in Sources */ = {isa = PBXBuildFile; fileRef = E6BFE3CE185F6EBC001806B7 /* BWTokenFieldCell.m */; };
		E6BFE3D618613977001806B7 /* Interface.m in Sources */ = {isa = PBXBuildFile; fileRef = E6BFE3D518613977001806B7 /* Interface.m */; };
		E6C05D801772277B004F09EA /* OAuth2Client.framework in Frameworks */ = {isa = PBXBuildFile; fileRef = E676BFCF1772225E007C81B0 /* OAuth2Client.framework */; };
		E6DECE9716AD26020076BDC4 /* toggleOff.png in Resources */ = {isa = PBXBuildFile; fileRef = E6DECE9516AD26020076BDC4 /* toggleOff.png */; };
		E6DECE9816AD26020076BDC4 /* toggleOn.png in Resources */ = {isa = PBXBuildFile; fileRef = E6DECE9616AD26020076BDC4 /* toggleOn.png */; };
		E6DECE9B16AD9F830076BDC4 /* toggleLeft.png in Resources */ = {isa = PBXBuildFile; fileRef = E6DECE9916AD9F830076BDC4 /* toggleLeft.png */; };
		E6DECE9C16AD9F830076BDC4 /* toggleRight.png in Resources */ = {isa = PBXBuildFile; fileRef = E6DECE9A16AD9F830076BDC4 /* toggleRight.png */; };
		E6EA108616A9CB090004800F /* icon-network-drive.tiff in Resources */ = {isa = PBXBuildFile; fileRef = E6EA108316A9CB090004800F /* icon-network-drive.tiff */; };
		E6EA108716A9CB090004800F /* page_Arrow_Down_hi.tiff in Resources */ = {isa = PBXBuildFile; fileRef = E6EA108416A9CB090004800F /* page_Arrow_Down_hi.tiff */; };
		E6EA108816A9CB090004800F /* page_Arrow_Up_hi.tiff in Resources */ = {isa = PBXBuildFile; fileRef = E6EA108516A9CB090004800F /* page_Arrow_Up_hi.tiff */; };
		E6EA10A616ACCEB40004800F /* SoundCloudName138x29.png in Resources */ = {isa = PBXBuildFile; fileRef = E6EA10A416ACCEB40004800F /* SoundCloudName138x29.png */; };
		E6EA10A716ACCEB40004800F /* WordPressName127x29.png in Resources */ = {isa = PBXBuildFile; fileRef = E6EA10A516ACCEB40004800F /* WordPressName127x29.png */; };
		E6EA10A916ACD7680004800F /* Umbrella32x32.png in Resources */ = {isa = PBXBuildFile; fileRef = E6EA10A816ACD7680004800F /* Umbrella32x32.png */; };
		E6EDDE2915E021FB0039BEFD /* PraxTextFieldFormatter.m in Sources */ = {isa = PBXBuildFile; fileRef = E6EDDE2815E021FB0039BEFD /* PraxTextFieldFormatter.m */; };
		E6EE3F2615C773D10025C04B /* Connect.wav in Resources */ = {isa = PBXBuildFile; fileRef = E6EE3F2215C773D10025C04B /* Connect.wav */; };
		E6EE3F2715C773D10025C04B /* Error.wav in Resources */ = {isa = PBXBuildFile; fileRef = E6EE3F2315C773D10025C04B /* Error.wav */; };
		E6EE3F2815C773D10025C04B /* Start.wav in Resources */ = {isa = PBXBuildFile; fileRef = E6EE3F2415C773D10025C04B /* Start.wav */; };
		E6EE3F2915C773D10025C04B /* Stop.wav in Resources */ = {isa = PBXBuildFile; fileRef = E6EE3F2515C773D10025C04B /* Stop.wav */; };
		E6FA7CCE17A5B201005CA002 /* PraxCategories.m in Sources */ = {isa = PBXBuildFile; fileRef = E6FA7CCD17A5B201005CA002 /* PraxCategories.m */; };
		E6FCFE0B186A52EA001E9483 /* CodePopover.m in Sources */ = {isa = PBXBuildFile; fileRef = E6FCFE0A186A52EA001E9483 /* CodePopover.m */; };
		E6FCFE13186BBE00001E9483 /* AssetListViewController+KeyObservation.m in Sources */ = {isa = PBXBuildFile; fileRef = E6FCFE12186BBE00001E9483 /* AssetListViewController+KeyObservation.m */; };
		E6FCFE17186BBF7C001E9483 /* AssetListViewController+Delegation.m in Sources */ = {isa = PBXBuildFile; fileRef = E6FCFE16186BBF7C001E9483 /* AssetListViewController+Delegation.m */; };
		E6FCFE21186CA23F001E9483 /* Account.m in Sources */ = {isa = PBXBuildFile; fileRef = E6FCFE20186CA23F001E9483 /* Account.m */; };
		E6FCFE25186CA921001E9483 /* Document.xcdatamodeld in Sources */ = {isa = PBXBuildFile; fileRef = E6FCFE22186CA921001E9483 /* Document.xcdatamodeld */; };
		E6FCFE28186CAAD3001E9483 /* AccountController.m in Sources */ = {isa = PBXBuildFile; fileRef = E6FCFE27186CAAD3001E9483 /* AccountController.m */; };
		E6FCFE2A186D073A001E9483 /* Clouds32x32.png in Resources */ = {isa = PBXBuildFile; fileRef = E6FCFE29186D073A001E9483 /* Clouds32x32.png */; };
/* End PBXBuildFile section */

/* Begin PBXContainerItemProxy section */
		E676BFCE1772225E007C81B0 /* PBXContainerItemProxy */ = {
			isa = PBXContainerItemProxy;
			containerPortal = E6533C4517721A000094D84F /* OAuth2Client.xcodeproj */;
			proxyType = 2;
			remoteGlobalIDString = 942FFCD612315E0A00E6C65E;
			remoteInfo = OAuth2Client.framework;
		};
		E676BFD01772225E007C81B0 /* PBXContainerItemProxy */ = {
			isa = PBXContainerItemProxy;
			containerPortal = E6533C4517721A000094D84F /* OAuth2Client.xcodeproj */;
			proxyType = 2;
			remoteGlobalIDString = D2AAC07E0554694100DB518D;
			remoteInfo = OAuth2Client;
		};
/* End PBXContainerItemProxy section */

/* Begin PBXCopyFilesBuildPhase section */
		E6D6F61215D97B66005CA87F /* CopyFiles */ = {
			isa = PBXCopyFilesBuildPhase;
			buildActionMask = 2147483647;
			dstPath = "";
			dstSubfolderSpec = 10;
			files = (
				E682EF5417723E540008642C /* OAuth2Client.framework in CopyFiles */,
			);
			runOnlyForDeploymentPostprocessing = 0;
		};
/* End PBXCopyFilesBuildPhase section */

/* Begin PBXFileReference section */
		E61010C0176FE08900ACF17D /* praxpress-document.icns */ = {isa = PBXFileReference; lastKnownFileType = image.icns; path = "praxpress-document.icns"; sourceTree = "<group>"; };
		E61010C1176FE08900ACF17D /* praxpress-templates.icns */ = {isa = PBXFileReference; lastKnownFileType = image.icns; path = "praxpress-templates.icns"; sourceTree = "<group>"; };
		E61021A117BADFC0001E0ED3 /* SoundCloud.png */ = {isa = PBXFileReference; lastKnownFileType = image.png; path = SoundCloud.png; sourceTree = "<group>"; };
		E61021A817BAF2D2001E0ED3 /* playlist.png */ = {isa = PBXFileReference; lastKnownFileType = image.png; path = playlist.png; sourceTree = "<group>"; };
		E61021A917BAF2D2001E0ED3 /* track.png */ = {isa = PBXFileReference; lastKnownFileType = image.png; path = track.png; sourceTree = "<group>"; };
		E61021AC17BAF6F3001E0ED3 /* PlaylistFrame.png */ = {isa = PBXFileReference; lastKnownFileType = image.png; path = PlaylistFrame.png; sourceTree = "<group>"; };
		E6192A8B18590223001BACD4 /* Widget.h */ = {isa = PBXFileReference; fileEncoding = 4; lastKnownFileType = sourcecode.c.h; path = Widget.h; sourceTree = "<group>"; };
		E6192A8C18590223001BACD4 /* Widget.m */ = {isa = PBXFileReference; fileEncoding = 4; lastKnownFileType = sourcecode.c.objc; path = Widget.m; sourceTree = "<group>"; };
		E6192A8E18595908001BACD4 /* WidgetViewController.h */ = {isa = PBXFileReference; fileEncoding = 4; lastKnownFileType = sourcecode.c.h; path = WidgetViewController.h; sourceTree = "<group>"; };
		E6192A8F18595908001BACD4 /* WidgetViewController.m */ = {isa = PBXFileReference; fileEncoding = 4; lastKnownFileType = sourcecode.c.objc; path = WidgetViewController.m; sourceTree = "<group>"; };
		E6192A9018595908001BACD4 /* WidgetViewController.xib */ = {isa = PBXFileReference; fileEncoding = 4; lastKnownFileType = file.xib; path = WidgetViewController.xib; sourceTree = "<group>"; };
		E61CF90217718A6F0038A502 /* PraxPress.icns */ = {isa = PBXFileReference; lastKnownFileType = image.icns; path = PraxPress.icns; sourceTree = "<group>"; };
		E61F38EB17962EEA00728A24 /* Document+DocumentUserInterface.h */ = {isa = PBXFileReference; fileEncoding = 4; lastKnownFileType = sourcecode.c.h; path = "Document+DocumentUserInterface.h"; sourceTree = "<group>"; };
		E61F38EC17962EEA00728A24 /* Document+DocumentUserInterface.m */ = {isa = PBXFileReference; fileEncoding = 4; lastKnownFileType = sourcecode.c.objc; path = "Document+DocumentUserInterface.m"; sourceTree = "<group>"; };
		E6297BB3183E8D4B00D58A16 /* SourceInfoPanel.xib */ = {isa = PBXFileReference; fileEncoding = 4; lastKnownFileType = file.xib; path = SourceInfoPanel.xib; sourceTree = "<group>"; };
		E6297BBA183E91DF00D58A16 /* SourceInfoPanel.h */ = {isa = PBXFileReference; fileEncoding = 4; lastKnownFileType = sourcecode.c.h; path = SourceInfoPanel.h; sourceTree = "<group>"; };
		E6297BBB183E91DF00D58A16 /* SourceInfoPanel.m */ = {isa = PBXFileReference; fileEncoding = 4; lastKnownFileType = sourcecode.c.objc; path = SourceInfoPanel.m; sourceTree = "<group>"; };
		E634DE7C17A1C4CA00D98AE6 /* iTunes.h */ = {isa = PBXFileReference; lastKnownFileType = sourcecode.c.h; path = iTunes.h; sourceTree = "<group>"; };
		E634DE7D17A1C4CA00D98AE6 /* Safari.h */ = {isa = PBXFileReference; lastKnownFileType = sourcecode.c.h; path = Safari.h; sourceTree = "<group>"; };
		E63E87C015E05B5900110570 /* PraxTransformers.h */ = {isa = PBXFileReference; fileEncoding = 4; lastKnownFileType = sourcecode.c.h; path = PraxTransformers.h; sourceTree = "<group>"; };
		E63E87C115E05B5900110570 /* PraxTransformers.m */ = {isa = PBXFileReference; fileEncoding = 4; lastKnownFileType = sourcecode.c.objc; path = PraxTransformers.m; sourceTree = "<group>"; };
		E642A02917862096003FF23C /* Source.h */ = {isa = PBXFileReference; lastKnownFileType = sourcecode.c.h; path = Source.h; sourceTree = "<group>"; };
		E642A02A17862096003FF23C /* Source.m */ = {isa = PBXFileReference; lastKnownFileType = sourcecode.c.objc; path = Source.m; sourceTree = "<group>"; };
		E642A02D1786283C003FF23C /* PraxPredicateEditorRowTemplate.h */ = {isa = PBXFileReference; lastKnownFileType = sourcecode.c.h; path = PraxPredicateEditorRowTemplate.h; sourceTree = "<group>"; };
		E642A02E1786283C003FF23C /* PraxPredicateEditorRowTemplate.m */ = {isa = PBXFileReference; lastKnownFileType = sourcecode.c.objc; path = PraxPredicateEditorRowTemplate.m; sourceTree = "<group>"; };
		E642A02F178628CD003FF23C /* RequestController.h */ = {isa = PBXFileReference; lastKnownFileType = sourcecode.c.h; path = RequestController.h; sourceTree = "<group>"; };
		E642A030178628CD003FF23C /* RequestController.m */ = {isa = PBXFileReference; lastKnownFileType = sourcecode.c.objc; path = RequestController.m; sourceTree = "<group>"; };
		E642A031178628CD003FF23C /* SourceController.h */ = {isa = PBXFileReference; lastKnownFileType = sourcecode.c.h; path = SourceController.h; sourceTree = "<group>"; };
		E642A032178628CD003FF23C /* SourceController.m */ = {isa = PBXFileReference; lastKnownFileType = sourcecode.c.objc; path = SourceController.m; sourceTree = "<group>"; };
		E642A03917862FF6003FF23C /* AssetListViewController.h */ = {isa = PBXFileReference; fileEncoding = 4; lastKnownFileType = sourcecode.c.h; path = AssetListViewController.h; sourceTree = "<group>"; };
		E642A03A17862FF6003FF23C /* AssetListViewController.m */ = {isa = PBXFileReference; fileEncoding = 4; lastKnownFileType = sourcecode.c.objc; path = AssetListViewController.m; sourceTree = "<group>"; };
		E642A03B17862FF6003FF23C /* SourcePopovers.h */ = {isa = PBXFileReference; fileEncoding = 4; lastKnownFileType = sourcecode.c.h; path = SourcePopovers.h; sourceTree = "<group>"; };
		E642A03C17862FF6003FF23C /* SourcePopovers.m */ = {isa = PBXFileReference; fileEncoding = 4; lastKnownFileType = sourcecode.c.objc; path = SourcePopovers.m; sourceTree = "<group>"; };
		E642A04717863934003FF23C /* en */ = {isa = PBXFileReference; lastKnownFileType = file.xib; name = en; path = en.lproj/PraxPress.xib; sourceTree = "<group>"; };
		E642A049178639A3003FF23C /* AssetListView.xib */ = {isa = PBXFileReference; fileEncoding = 4; lastKnownFileType = file.xib; path = AssetListView.xib; sourceTree = "<group>"; };
		E642A04B178639FA003FF23C /* SourceListCellViews.xib */ = {isa = PBXFileReference; fileEncoding = 4; lastKnownFileType = file.xib; path = SourceListCellViews.xib; sourceTree = "<group>"; };
		E642A04D17863A87003FF23C /* greenlight.tiff */ = {isa = PBXFileReference; lastKnownFileType = image.tiff; path = greenlight.tiff; sourceTree = "<group>"; };
		E642A04E17863A87003FF23C /* orangelight.tiff */ = {isa = PBXFileReference; lastKnownFileType = image.tiff; path = orangelight.tiff; sourceTree = "<group>"; };
		E642A04F17863A87003FF23C /* redlight.tiff */ = {isa = PBXFileReference; lastKnownFileType = image.tiff; path = redlight.tiff; sourceTree = "<group>"; };
		E642A055178643CE003FF23C /* WebKit.framework */ = {isa = PBXFileReference; lastKnownFileType = wrapper.framework; name = WebKit.framework; path = System/Library/Frameworks/WebKit.framework; sourceTree = SDKROOT; };
		E64555A716A76F6900740F45 /* TagController.h */ = {isa = PBXFileReference; fileEncoding = 4; lastKnownFileType = sourcecode.c.h; path = TagController.h; sourceTree = "<group>"; };
		E64555A816A76F6900740F45 /* TagController.m */ = {isa = PBXFileReference; fileEncoding = 4; lastKnownFileType = sourcecode.c.objc; path = TagController.m; sourceTree = "<group>"; };
		E64555AA16A773BF00740F45 /* Tag.h */ = {isa = PBXFileReference; fileEncoding = 4; lastKnownFileType = sourcecode.c.h; path = Tag.h; sourceTree = "<group>"; };
		E64555AB16A773BF00740F45 /* Tag.m */ = {isa = PBXFileReference; fileEncoding = 4; lastKnownFileType = sourcecode.c.objc; path = Tag.m; sourceTree = "<group>"; };
		E6486D2A182AFA1A000D8D73 /* Download.png */ = {isa = PBXFileReference; lastKnownFileType = image.png; path = Download.png; sourceTree = "<group>"; };
		E6486D2B182AFA1A000D8D73 /* Upload.png */ = {isa = PBXFileReference; lastKnownFileType = image.png; path = Upload.png; sourceTree = "<group>"; };
		E6533C4517721A000094D84F /* OAuth2Client.xcodeproj */ = {isa = PBXFileReference; lastKnownFileType = "wrapper.pb-project"; name = OAuth2Client.xcodeproj; path = OAuth2Client/OAuth2Client.xcodeproj; sourceTree = "<group>"; };
		E656BEC418515445009254BE /* MultipleChangePopover.h */ = {isa = PBXFileReference; fileEncoding = 4; lastKnownFileType = sourcecode.c.h; path = MultipleChangePopover.h; sourceTree = "<group>"; };
		E656BEC518515445009254BE /* MultipleChangePopover.m */ = {isa = PBXFileReference; fileEncoding = 4; lastKnownFileType = sourcecode.c.objc; path = MultipleChangePopover.m; sourceTree = "<group>"; };
		E656BEC618515445009254BE /* MultipleChangePopover.xib */ = {isa = PBXFileReference; fileEncoding = 4; lastKnownFileType = file.xib; path = MultipleChangePopover.xib; sourceTree = "<group>"; };
		E65F7D4C18380159005F9C9F /* tracks.png */ = {isa = PBXFileReference; lastKnownFileType = image.png; path = tracks.png; sourceTree = "<group>"; };
		E65F7D4D18380159005F9C9F /* playlists.png */ = {isa = PBXFileReference; lastKnownFileType = image.png; path = playlists.png; sourceTree = "<group>"; };
		E65F7D4E18380159005F9C9F /* plays.png */ = {isa = PBXFileReference; lastKnownFileType = image.png; path = plays.png; sourceTree = "<group>"; };
		E65F7D4F18380159005F9C9F /* reposts.png */ = {isa = PBXFileReference; lastKnownFileType = image.png; path = reposts.png; sourceTree = "<group>"; };
		E65F7D5018380159005F9C9F /* downloads.png */ = {isa = PBXFileReference; lastKnownFileType = image.png; path = downloads.png; sourceTree = "<group>"; };
		E65F7D5118380159005F9C9F /* comments.png */ = {isa = PBXFileReference; lastKnownFileType = image.png; path = comments.png; sourceTree = "<group>"; };
		E65F7D5218380159005F9C9F /* favorites.png */ = {isa = PBXFileReference; lastKnownFileType = image.png; path = favorites.png; sourceTree = "<group>"; };
		E66055D41870D52100787612 /* Prax.h */ = {isa = PBXFileReference; fileEncoding = 4; lastKnownFileType = sourcecode.c.h; path = Prax.h; sourceTree = "<group>"; };
		E66055D51870D52100787612 /* Prax.m */ = {isa = PBXFileReference; fileEncoding = 4; lastKnownFileType = sourcecode.c.objc; path = Prax.m; sourceTree = "<group>"; };
		E66E6BF916951AFE006F07D1 /* PraxPress.entitlements */ = {isa = PBXFileReference; lastKnownFileType = text.xml; path = PraxPress.entitlements; sourceTree = "<group>"; };
		E66E6C1F16A3268F006F07D1 /* AssetMetadataPopover.h */ = {isa = PBXFileReference; fileEncoding = 4; lastKnownFileType = sourcecode.c.h; path = AssetMetadataPopover.h; sourceTree = "<group>"; };
		E66E6C2016A3268F006F07D1 /* AssetMetadataPopover.m */ = {isa = PBXFileReference; fileEncoding = 4; lastKnownFileType = sourcecode.c.objc; path = AssetMetadataPopover.m; sourceTree = "<group>"; };
		E66E6C2116A32690006F07D1 /* AssetMetadataPopover.xib */ = {isa = PBXFileReference; fileEncoding = 4; lastKnownFileType = file.xib; path = AssetMetadataPopover.xib; sourceTree = "<group>"; };
		E67007C017873A2B0052FC2B /* isNotSelectedImage.tiff */ = {isa = PBXFileReference; lastKnownFileType = image.tiff; path = isNotSelectedImage.tiff; sourceTree = "<group>"; };
		E67007C117873A2B0052FC2B /* isSelectedImage.tiff */ = {isa = PBXFileReference; lastKnownFileType = image.tiff; path = isSelectedImage.tiff; sourceTree = "<group>"; };
		E672B408179C45750036A106 /* TemplateController.h */ = {isa = PBXFileReference; fileEncoding = 4; lastKnownFileType = sourcecode.c.h; path = TemplateController.h; sourceTree = "<group>"; };
		E672B409179C45750036A106 /* TemplateController.m */ = {isa = PBXFileReference; fileEncoding = 4; lastKnownFileType = sourcecode.c.objc; path = TemplateController.m; sourceTree = "<group>"; };
		E6775E4616A4BF4C00CDA34B /* Template.h */ = {isa = PBXFileReference; fileEncoding = 4; lastKnownFileType = sourcecode.c.h; path = Template.h; sourceTree = "<group>"; };
		E6775E4716A4BF4C00CDA34B /* Template.m */ = {isa = PBXFileReference; fileEncoding = 4; lastKnownFileType = sourcecode.c.objc; path = Template.m; sourceTree = "<group>"; };
		E68A34D718559898007D8D7B /* PraxTokenField.h */ = {isa = PBXFileReference; fileEncoding = 4; lastKnownFileType = sourcecode.c.h; path = PraxTokenField.h; sourceTree = "<group>"; };
		E68A34D818559898007D8D7B /* PraxTokenField.m */ = {isa = PBXFileReference; fileEncoding = 4; lastKnownFileType = sourcecode.c.objc; path = PraxTokenField.m; sourceTree = "<group>"; };
		E69270BF18295AEA00E5B202 /* NSSplitView+DMAdditions.h */ = {isa = PBXFileReference; fileEncoding = 4; lastKnownFileType = sourcecode.c.h; path = "NSSplitView+DMAdditions.h"; sourceTree = "<group>"; };
		E69270C018295AEA00E5B202 /* NSSplitView+DMAdditions.m */ = {isa = PBXFileReference; fileEncoding = 4; lastKnownFileType = sourcecode.c.objc; path = "NSSplitView+DMAdditions.m"; sourceTree = "<group>"; };
		E6A142B81853CB31001B9F6C /* PraxButton.h */ = {isa = PBXFileReference; fileEncoding = 4; lastKnownFileType = sourcecode.c.h; path = PraxButton.h; sourceTree = "<group>"; };
		E6A142B91853CB31001B9F6C /* PraxButton.m */ = {isa = PBXFileReference; fileEncoding = 4; lastKnownFileType = sourcecode.c.objc; path = PraxButton.m; sourceTree = "<group>"; };
		E6B1DCA8183D66C40089AA21 /* WordPress.png */ = {isa = PBXFileReference; lastKnownFileType = image.png; path = WordPress.png; sourceTree = "<group>"; };
		E6BC799915C4759800080762 /* PraxPress.app */ = {isa = PBXFileReference; explicitFileType = wrapper.application; includeInIndex = 0; path = PraxPress.app; sourceTree = BUILT_PRODUCTS_DIR; };
		E6BC79A515C4759800080762 /* PraxPress-Info.plist */ = {isa = PBXFileReference; lastKnownFileType = text.plist.xml; path = "PraxPress-Info.plist"; sourceTree = "<group>"; };
		E6BC79A715C4759800080762 /* en */ = {isa = PBXFileReference; lastKnownFileType = text.plist.strings; name = en; path = en.lproj/InfoPlist.strings; sourceTree = "<group>"; };
		E6BC79A915C4759800080762 /* main.m */ = {isa = PBXFileReference; lastKnownFileType = sourcecode.c.objc; path = main.m; sourceTree = "<group>"; };
		E6BC79AB15C4759800080762 /* PraxPress-Prefix.pch */ = {isa = PBXFileReference; lastKnownFileType = sourcecode.c.h; path = "PraxPress-Prefix.pch"; sourceTree = "<group>"; };
		E6BC79AD15C4759800080762 /* en */ = {isa = PBXFileReference; lastKnownFileType = text.rtf; name = en; path = en.lproj/Credits.rtf; sourceTree = "<group>"; };
		E6BC79AF15C4759800080762 /* Document.h */ = {isa = PBXFileReference; lastKnownFileType = sourcecode.c.h; lineEnding = 0; path = Document.h; sourceTree = "<group>"; xcLanguageSpecificationIdentifier = xcode.lang.objcpp; };
		E6BC79B015C4759800080762 /* Document.m */ = {isa = PBXFileReference; lastKnownFileType = sourcecode.c.objc; lineEnding = 0; path = Document.m; sourceTree = "<group>"; xcLanguageSpecificationIdentifier = xcode.lang.objc; };
		E6BC79B615C4759800080762 /* en */ = {isa = PBXFileReference; lastKnownFileType = file.xib; name = en; path = en.lproj/MainMenu.xib; sourceTree = "<group>"; };
		E6BC79F515C48FE300080762 /* SpecialProtocol.h */ = {isa = PBXFileReference; fileEncoding = 4; lastKnownFileType = sourcecode.c.h; path = SpecialProtocol.h; sourceTree = "<group>"; };
		E6BC79F615C48FE300080762 /* SpecialProtocol.m */ = {isa = PBXFileReference; fileEncoding = 4; lastKnownFileType = sourcecode.c.objc; path = SpecialProtocol.m; sourceTree = "<group>"; };
		E6BFE3CB185F6EBC001806B7 /* BWTokenAttachmentCell.h */ = {isa = PBXFileReference; fileEncoding = 4; lastKnownFileType = sourcecode.c.h; path = BWTokenAttachmentCell.h; sourceTree = "<group>"; };
		E6BFE3CC185F6EBC001806B7 /* BWTokenAttachmentCell.m */ = {isa = PBXFileReference; fileEncoding = 4; lastKnownFileType = sourcecode.c.objc; path = BWTokenAttachmentCell.m; sourceTree = "<group>"; };
		E6BFE3CD185F6EBC001806B7 /* BWTokenFieldCell.h */ = {isa = PBXFileReference; fileEncoding = 4; lastKnownFileType = sourcecode.c.h; path = BWTokenFieldCell.h; sourceTree = "<group>"; };
		E6BFE3CE185F6EBC001806B7 /* BWTokenFieldCell.m */ = {isa = PBXFileReference; fileEncoding = 4; lastKnownFileType = sourcecode.c.objc; path = BWTokenFieldCell.m; sourceTree = "<group>"; };
		E6BFE3CF185F6EBC001806B7 /* NSTokenAttachmentCell.h */ = {isa = PBXFileReference; fileEncoding = 4; lastKnownFileType = sourcecode.c.h; path = NSTokenAttachmentCell.h; sourceTree = "<group>"; };
		E6BFE3D418613977001806B7 /* Interface.h */ = {isa = PBXFileReference; fileEncoding = 4; lastKnownFileType = sourcecode.c.h; path = Interface.h; sourceTree = "<group>"; };
		E6BFE3D518613977001806B7 /* Interface.m */ = {isa = PBXFileReference; fileEncoding = 4; lastKnownFileType = sourcecode.c.objc; path = Interface.m; sourceTree = "<group>"; };
		E6DECE9516AD26020076BDC4 /* toggleOff.png */ = {isa = PBXFileReference; lastKnownFileType = image.png; path = toggleOff.png; sourceTree = "<group>"; };
		E6DECE9616AD26020076BDC4 /* toggleOn.png */ = {isa = PBXFileReference; lastKnownFileType = image.png; path = toggleOn.png; sourceTree = "<group>"; };
		E6DECE9916AD9F830076BDC4 /* toggleLeft.png */ = {isa = PBXFileReference; lastKnownFileType = image.png; path = toggleLeft.png; sourceTree = "<group>"; };
		E6DECE9A16AD9F830076BDC4 /* toggleRight.png */ = {isa = PBXFileReference; lastKnownFileType = image.png; path = toggleRight.png; sourceTree = "<group>"; };
		E6EA108316A9CB090004800F /* icon-network-drive.tiff */ = {isa = PBXFileReference; lastKnownFileType = image.tiff; path = "icon-network-drive.tiff"; sourceTree = "<group>"; };
		E6EA108416A9CB090004800F /* page_Arrow_Down_hi.tiff */ = {isa = PBXFileReference; lastKnownFileType = image.tiff; path = page_Arrow_Down_hi.tiff; sourceTree = "<group>"; };
		E6EA108516A9CB090004800F /* page_Arrow_Up_hi.tiff */ = {isa = PBXFileReference; lastKnownFileType = image.tiff; path = page_Arrow_Up_hi.tiff; sourceTree = "<group>"; };
		E6EA10A416ACCEB40004800F /* SoundCloudName138x29.png */ = {isa = PBXFileReference; lastKnownFileType = image.png; path = SoundCloudName138x29.png; sourceTree = "<group>"; };
		E6EA10A516ACCEB40004800F /* WordPressName127x29.png */ = {isa = PBXFileReference; lastKnownFileType = image.png; path = WordPressName127x29.png; sourceTree = "<group>"; };
		E6EA10A816ACD7680004800F /* Umbrella32x32.png */ = {isa = PBXFileReference; lastKnownFileType = image.png; path = Umbrella32x32.png; sourceTree = "<group>"; };
		E6EDDE2515DC0CF60039BEFD /* Asset.h */ = {isa = PBXFileReference; lastKnownFileType = sourcecode.c.h; lineEnding = 0; path = Asset.h; sourceTree = "<group>"; xcLanguageSpecificationIdentifier = xcode.lang.objcpp; };
		E6EDDE2615DC0CF60039BEFD /* Asset.m */ = {isa = PBXFileReference; lastKnownFileType = sourcecode.c.objc; path = Asset.m; sourceTree = "<group>"; };
		E6EDDE2715E021FB0039BEFD /* PraxTextFieldFormatter.h */ = {isa = PBXFileReference; fileEncoding = 4; lastKnownFileType = sourcecode.c.h; path = PraxTextFieldFormatter.h; sourceTree = "<group>"; };
		E6EDDE2815E021FB0039BEFD /* PraxTextFieldFormatter.m */ = {isa = PBXFileReference; fileEncoding = 4; lastKnownFileType = sourcecode.c.objc; path = PraxTextFieldFormatter.m; sourceTree = "<group>"; };
		E6EE3F2215C773D10025C04B /* Connect.wav */ = {isa = PBXFileReference; lastKnownFileType = audio.wav; path = Connect.wav; sourceTree = "<group>"; };
		E6EE3F2315C773D10025C04B /* Error.wav */ = {isa = PBXFileReference; lastKnownFileType = audio.wav; path = Error.wav; sourceTree = "<group>"; };
		E6EE3F2415C773D10025C04B /* Start.wav */ = {isa = PBXFileReference; lastKnownFileType = audio.wav; path = Start.wav; sourceTree = "<group>"; };
		E6EE3F2515C773D10025C04B /* Stop.wav */ = {isa = PBXFileReference; lastKnownFileType = audio.wav; path = Stop.wav; sourceTree = "<group>"; };
		E6F6417116C0B77600FD5644 /* PraxPress.icns */ = {isa = PBXFileReference; lastKnownFileType = image.icns; path = PraxPress.icns; sourceTree = "<group>"; };
		E6FA7CCC17A5B201005CA002 /* PraxCategories.h */ = {isa = PBXFileReference; fileEncoding = 4; lastKnownFileType = sourcecode.c.h; path = PraxCategories.h; sourceTree = "<group>"; };
		E6FA7CCD17A5B201005CA002 /* PraxCategories.m */ = {isa = PBXFileReference; fileEncoding = 4; lastKnownFileType = sourcecode.c.objc; path = PraxCategories.m; sourceTree = "<group>"; };
		E6FCFE09186A52EA001E9483 /* CodePopover.h */ = {isa = PBXFileReference; fileEncoding = 4; lastKnownFileType = sourcecode.c.h; path = CodePopover.h; sourceTree = "<group>"; };
		E6FCFE0A186A52EA001E9483 /* CodePopover.m */ = {isa = PBXFileReference; fileEncoding = 4; lastKnownFileType = sourcecode.c.objc; path = CodePopover.m; sourceTree = "<group>"; };
		E6FCFE11186BBE00001E9483 /* AssetListViewController+KeyObservation.h */ = {isa = PBXFileReference; fileEncoding = 4; lastKnownFileType = sourcecode.c.h; path = "AssetListViewController+KeyObservation.h"; sourceTree = "<group>"; };
		E6FCFE12186BBE00001E9483 /* AssetListViewController+KeyObservation.m */ = {isa = PBXFileReference; fileEncoding = 4; lastKnownFileType = sourcecode.c.objc; path = "AssetListViewController+KeyObservation.m"; sourceTree = "<group>"; };
		E6FCFE15186BBF7B001E9483 /* AssetListViewController+Delegation.h */ = {isa = PBXFileReference; fileEncoding = 4; lastKnownFileType = sourcecode.c.h; path = "AssetListViewController+Delegation.h"; sourceTree = "<group>"; };
		E6FCFE16186BBF7C001E9483 /* AssetListViewController+Delegation.m */ = {isa = PBXFileReference; fileEncoding = 4; lastKnownFileType = sourcecode.c.objc; path = "AssetListViewController+Delegation.m"; sourceTree = "<group>"; };
		E6FCFE1F186CA23F001E9483 /* Account.h */ = {isa = PBXFileReference; fileEncoding = 4; lastKnownFileType = sourcecode.c.h; path = Account.h; sourceTree = "<group>"; };
		E6FCFE20186CA23F001E9483 /* Account.m */ = {isa = PBXFileReference; fileEncoding = 4; lastKnownFileType = sourcecode.c.objc; path = Account.m; sourceTree = "<group>"; };
		E6FCFE23186CA921001E9483 /* Document1. 3.xcdatamodel */ = {isa = PBXFileReference; lastKnownFileType = wrapper.xcdatamodel; path = "Document1. 3.xcdatamodel"; sourceTree = "<group>"; };
		E6FCFE24186CA921001E9483 /* Document1. 4.xcdatamodel */ = {isa = PBXFileReference; lastKnownFileType = wrapper.xcdatamodel; path = "Document1. 4.xcdatamodel"; sourceTree = "<group>"; };
		E6FCFE26186CAAD3001E9483 /* AccountController.h */ = {isa = PBXFileReference; fileEncoding = 4; lastKnownFileType = sourcecode.c.h; path = AccountController.h; sourceTree = "<group>"; };
		E6FCFE27186CAAD3001E9483 /* AccountController.m */ = {isa = PBXFileReference; fileEncoding = 4; lastKnownFileType = sourcecode.c.objc; path = AccountController.m; sourceTree = "<group>"; };
		E6FCFE29186D073A001E9483 /* Clouds32x32.png */ = {isa = PBXFileReference; lastKnownFileType = image.png; path = Clouds32x32.png; sourceTree = "<group>"; };
/* End PBXFileReference section */

/* Begin PBXFrameworksBuildPhase section */
		E6BC799615C4759800080762 /* Frameworks */ = {
			isa = PBXFrameworksBuildPhase;
			buildActionMask = 2147483647;
			files = (
				E642A056178643CE003FF23C /* WebKit.framework in Frameworks */,
				E6C05D801772277B004F09EA /* OAuth2Client.framework in Frameworks */,
			);
			runOnlyForDeploymentPostprocessing = 0;
		};
/* End PBXFrameworksBuildPhase section */

/* Begin PBXGroup section */
		E6192A851858FC8E001BACD4 /* Document */ = {
			isa = PBXGroup;
			children = (
				E6BC79AF15C4759800080762 /* Document.h */,
				E6BC79B015C4759800080762 /* Document.m */,
				E61F38EB17962EEA00728A24 /* Document+DocumentUserInterface.h */,
				E61F38EC17962EEA00728A24 /* Document+DocumentUserInterface.m */,
			);
			name = Document;
			sourceTree = "<group>";
		};
		E61CF8FD177189300038A502 /* Frameworks */ = {
			isa = PBXGroup;
			children = (
				E642A055178643CE003FF23C /* WebKit.framework */,
				E6533C4517721A000094D84F /* OAuth2Client.xcodeproj */,
			);
			name = Frameworks;
			sourceTree = "<group>";
		};
		E624D84A15EAEC570066D7D7 /* Helpers */ = {
			isa = PBXGroup;
			children = (
				E6BFE3CB185F6EBC001806B7 /* BWTokenAttachmentCell.h */,
				E6BFE3CC185F6EBC001806B7 /* BWTokenAttachmentCell.m */,
				E6BFE3CD185F6EBC001806B7 /* BWTokenFieldCell.h */,
				E6BFE3CE185F6EBC001806B7 /* BWTokenFieldCell.m */,
				E6BFE3CF185F6EBC001806B7 /* NSTokenAttachmentCell.h */,
				E69270BE18295AEA00E5B202 /* NSSplitView+DMAdditions */,
				E6FA7CCC17A5B201005CA002 /* PraxCategories.h */,
				E6FA7CCD17A5B201005CA002 /* PraxCategories.m */,
				E6BC79F515C48FE300080762 /* SpecialProtocol.h */,
				E6BC79F615C48FE300080762 /* SpecialProtocol.m */,
				E6EDDE2715E021FB0039BEFD /* PraxTextFieldFormatter.h */,
				E6EDDE2815E021FB0039BEFD /* PraxTextFieldFormatter.m */,
				E63E87C015E05B5900110570 /* PraxTransformers.h */,
				E63E87C115E05B5900110570 /* PraxTransformers.m */,
				E6A142B81853CB31001B9F6C /* PraxButton.h */,
				E6A142B91853CB31001B9F6C /* PraxButton.m */,
				E68A34D718559898007D8D7B /* PraxTokenField.h */,
				E68A34D818559898007D8D7B /* PraxTokenField.m */,
				E66055D41870D52100787612 /* Prax.h */,
				E66055D51870D52100787612 /* Prax.m */,
			);
			name = Helpers;
			sourceTree = "<group>";
		};
		E634DE7917A1C48000D98AE6 /* Headers */ = {
			isa = PBXGroup;
			children = (
				E634DE7C17A1C4CA00D98AE6 /* iTunes.h */,
				E634DE7D17A1C4CA00D98AE6 /* Safari.h */,
			);
			name = Headers;
			sourceTree = "<group>";
		};
		E661E63216279D3600EFD83A /* Entities/Objects */ = {
			isa = PBXGroup;
			children = (
				E6FCFE22186CA921001E9483 /* Document.xcdatamodeld */,
				E6FCFE1F186CA23F001E9483 /* Account.h */,
				E6FCFE20186CA23F001E9483 /* Account.m */,
				E642A02917862096003FF23C /* Source.h */,
				E642A02A17862096003FF23C /* Source.m */,
				E6EDDE2515DC0CF60039BEFD /* Asset.h */,
				E6EDDE2615DC0CF60039BEFD /* Asset.m */,
				E64555AA16A773BF00740F45 /* Tag.h */,
				E64555AB16A773BF00740F45 /* Tag.m */,
				E6775E4616A4BF4C00CDA34B /* Template.h */,
				E6775E4716A4BF4C00CDA34B /* Template.m */,
				E6192A8B18590223001BACD4 /* Widget.h */,
				E6192A8C18590223001BACD4 /* Widget.m */,
				E6BFE3D418613977001806B7 /* Interface.h */,
				E6BFE3D518613977001806B7 /* Interface.m */,
			);
			name = Entities/Objects;
			sourceTree = "<group>";
		};
		E661E63316279D5C00EFD83A /* View Controllers */ = {
			isa = PBXGroup;
			children = (
				E642A03B17862FF6003FF23C /* SourcePopovers.h */,
				E642A03C17862FF6003FF23C /* SourcePopovers.m */,
				E642A02D1786283C003FF23C /* PraxPredicateEditorRowTemplate.h */,
				E642A02E1786283C003FF23C /* PraxPredicateEditorRowTemplate.m */,
				E66E6C1F16A3268F006F07D1 /* AssetMetadataPopover.h */,
				E66E6C2016A3268F006F07D1 /* AssetMetadataPopover.m */,
				E6297BBA183E91DF00D58A16 /* SourceInfoPanel.h */,
				E6297BBB183E91DF00D58A16 /* SourceInfoPanel.m */,
				E656BEC418515445009254BE /* MultipleChangePopover.h */,
				E656BEC518515445009254BE /* MultipleChangePopover.m */,
				E6192A8E18595908001BACD4 /* WidgetViewController.h */,
				E6192A8F18595908001BACD4 /* WidgetViewController.m */,
				E6FCFE09186A52EA001E9483 /* CodePopover.h */,
				E6FCFE0A186A52EA001E9483 /* CodePopover.m */,
			);
			name = "View Controllers";
			sourceTree = "<group>";
		};
		E661E63416279DB500EFD83A /* Interface */ = {
			isa = PBXGroup;
			children = (
				E642A049178639A3003FF23C /* AssetListView.xib */,
				E656BEC618515445009254BE /* MultipleChangePopover.xib */,
				E642A04617863934003FF23C /* PraxPress.xib */,
				E642A04B178639FA003FF23C /* SourceListCellViews.xib */,
				E66E6C2116A32690006F07D1 /* AssetMetadataPopover.xib */,
				E6BC79B515C4759800080762 /* MainMenu.xib */,
				E6297BB3183E8D4B00D58A16 /* SourceInfoPanel.xib */,
				E6192A9018595908001BACD4 /* WidgetViewController.xib */,
			);
			name = Interface;
			sourceTree = "<group>";
		};
		E661E63516279DF200EFD83A /* Object Controllers */ = {
			isa = PBXGroup;
			children = (
				E6FCFE26186CAAD3001E9483 /* AccountController.h */,
				E6FCFE27186CAAD3001E9483 /* AccountController.m */,
				E6FCFE14186BBF11001E9483 /* AssetListViewController */,
				E642A02F178628CD003FF23C /* RequestController.h */,
				E642A030178628CD003FF23C /* RequestController.m */,
				E642A031178628CD003FF23C /* SourceController.h */,
				E642A032178628CD003FF23C /* SourceController.m */,
				E64555A716A76F6900740F45 /* TagController.h */,
				E64555A816A76F6900740F45 /* TagController.m */,
				E672B408179C45750036A106 /* TemplateController.h */,
				E672B409179C45750036A106 /* TemplateController.m */,
			);
			name = "Object Controllers";
			sourceTree = "<group>";
		};
		E676BFCA1772225E007C81B0 /* Products */ = {
			isa = PBXGroup;
			children = (
				E676BFCF1772225E007C81B0 /* OAuth2Client.framework */,
				E676BFD11772225E007C81B0 /* libOAuth2Client.a */,
			);
			name = Products;
			sourceTree = "<group>";
		};
		E69270BE18295AEA00E5B202 /* NSSplitView+DMAdditions */ = {
			isa = PBXGroup;
			children = (
				E69270BF18295AEA00E5B202 /* NSSplitView+DMAdditions.h */,
				E69270C018295AEA00E5B202 /* NSSplitView+DMAdditions.m */,
			);
			path = "NSSplitView+DMAdditions";
			sourceTree = "<group>";
		};
		E6BC798E15C4759800080762 = {
			isa = PBXGroup;
			children = (
				E6BC79A315C4759800080762 /* Sources */,
				E6EE3F2115C773D10025C04B /* NSSounds */,
				E6F1562515E58EA80098EC32 /* Images */,
				E6BC799A15C4759800080762 /* Products */,
				E61CF8FD177189300038A502 /* Frameworks */,
			);
			sourceTree = "<group>";
		};
		E6BC799A15C4759800080762 /* Products */ = {
			isa = PBXGroup;
			children = (
				E6BC799915C4759800080762 /* PraxPress.app */,
			);
			name = Products;
			sourceTree = "<group>";
		};
		E6BC79A315C4759800080762 /* Sources */ = {
			isa = PBXGroup;
			children = (
				E634DE7917A1C48000D98AE6 /* Headers */,
				E6192A851858FC8E001BACD4 /* Document */,
				E661E63516279DF200EFD83A /* Object Controllers */,
				E661E63316279D5C00EFD83A /* View Controllers */,
				E661E63216279D3600EFD83A /* Entities/Objects */,
				E661E63416279DB500EFD83A /* Interface */,
				E624D84A15EAEC570066D7D7 /* Helpers */,
				E6BC79A415C4759800080762 /* Supporting Files */,
			);
			path = Sources;
			sourceTree = "<group>";
		};
		E6BC79A415C4759800080762 /* Supporting Files */ = {
			isa = PBXGroup;
			children = (
				E66E6BF916951AFE006F07D1 /* PraxPress.entitlements */,
				E6BC79A515C4759800080762 /* PraxPress-Info.plist */,
				E6BC79A615C4759800080762 /* InfoPlist.strings */,
				E6BC79A915C4759800080762 /* main.m */,
				E6BC79AB15C4759800080762 /* PraxPress-Prefix.pch */,
				E6BC79AC15C4759800080762 /* Credits.rtf */,
			);
			name = "Supporting Files";
			sourceTree = "<group>";
		};
		E6EE3F2115C773D10025C04B /* NSSounds */ = {
			isa = PBXGroup;
			children = (
				E6EE3F2215C773D10025C04B /* Connect.wav */,
				E6EE3F2315C773D10025C04B /* Error.wav */,
				E6EE3F2415C773D10025C04B /* Start.wav */,
				E6EE3F2515C773D10025C04B /* Stop.wav */,
			);
			name = NSSounds;
			path = Sources/NSSounds;
			sourceTree = "<group>";
		};
		E6F1562515E58EA80098EC32 /* Images */ = {
			isa = PBXGroup;
			children = (
				E6FCFE29186D073A001E9483 /* Clouds32x32.png */,
				E6B1DCA8183D66C40089AA21 /* WordPress.png */,
				E65F7D4C18380159005F9C9F /* tracks.png */,
				E65F7D4D18380159005F9C9F /* playlists.png */,
				E65F7D4E18380159005F9C9F /* plays.png */,
				E65F7D4F18380159005F9C9F /* reposts.png */,
				E65F7D5018380159005F9C9F /* downloads.png */,
				E65F7D5118380159005F9C9F /* comments.png */,
				E65F7D5218380159005F9C9F /* favorites.png */,
				E6486D2A182AFA1A000D8D73 /* Download.png */,
				E6486D2B182AFA1A000D8D73 /* Upload.png */,
				E61021AC17BAF6F3001E0ED3 /* PlaylistFrame.png */,
				E61021A817BAF2D2001E0ED3 /* playlist.png */,
				E61021A917BAF2D2001E0ED3 /* track.png */,
				E61021A117BADFC0001E0ED3 /* SoundCloud.png */,
				E67007C017873A2B0052FC2B /* isNotSelectedImage.tiff */,
				E67007C117873A2B0052FC2B /* isSelectedImage.tiff */,
				E642A04D17863A87003FF23C /* greenlight.tiff */,
				E642A04E17863A87003FF23C /* orangelight.tiff */,
				E642A04F17863A87003FF23C /* redlight.tiff */,
				E61CF90217718A6F0038A502 /* PraxPress.icns */,
				E61010C0176FE08900ACF17D /* praxpress-document.icns */,
				E61010C1176FE08900ACF17D /* praxpress-templates.icns */,
				E6F6417116C0B77600FD5644 /* PraxPress.icns */,
				E6DECE9916AD9F830076BDC4 /* toggleLeft.png */,
				E6DECE9A16AD9F830076BDC4 /* toggleRight.png */,
				E6DECE9516AD26020076BDC4 /* toggleOff.png */,
				E6DECE9616AD26020076BDC4 /* toggleOn.png */,
				E6EA10A816ACD7680004800F /* Umbrella32x32.png */,
				E6EA10A416ACCEB40004800F /* SoundCloudName138x29.png */,
				E6EA10A516ACCEB40004800F /* WordPressName127x29.png */,
				E6EA108316A9CB090004800F /* icon-network-drive.tiff */,
				E6EA108416A9CB090004800F /* page_Arrow_Down_hi.tiff */,
				E6EA108516A9CB090004800F /* page_Arrow_Up_hi.tiff */,
			);
			name = Images;
			path = Sources/Images;
			sourceTree = "<group>";
		};
		E6FCFE14186BBF11001E9483 /* AssetListViewController */ = {
			isa = PBXGroup;
			children = (
				E642A03917862FF6003FF23C /* AssetListViewController.h */,
				E642A03A17862FF6003FF23C /* AssetListViewController.m */,
				E6FCFE15186BBF7B001E9483 /* AssetListViewController+Delegation.h */,
				E6FCFE16186BBF7C001E9483 /* AssetListViewController+Delegation.m */,
				E6FCFE11186BBE00001E9483 /* AssetListViewController+KeyObservation.h */,
				E6FCFE12186BBE00001E9483 /* AssetListViewController+KeyObservation.m */,
			);
			name = AssetListViewController;
			sourceTree = "<group>";
		};
/* End PBXGroup section */

/* Begin PBXNativeTarget section */
		E6BC799815C4759800080762 /* PraxPress */ = {
			isa = PBXNativeTarget;
			buildConfigurationList = E6BC79D115C4759800080762 /* Build configuration list for PBXNativeTarget "PraxPress" */;
			buildPhases = (
				E6BC799515C4759800080762 /* Sources */,
				E6BC799615C4759800080762 /* Frameworks */,
				E6BC799715C4759800080762 /* Resources */,
				E6D6F61215D97B66005CA87F /* CopyFiles */,
			);
			buildRules = (
			);
			dependencies = (
			);
			name = PraxPress;
			productName = PraxPress;
			productReference = E6BC799915C4759800080762 /* PraxPress.app */;
			productType = "com.apple.product-type.application";
		};
/* End PBXNativeTarget section */

/* Begin PBXProject section */
		E6BC799015C4759800080762 /* Project object */ = {
			isa = PBXProject;
			attributes = {
				LastUpgradeCheck = 0500;
				ORGANIZATIONNAME = ElmerCat;
				TargetAttributes = {
					E6BC799815C4759800080762 = {
						DevelopmentTeam = 49335V5QV4;
						SystemCapabilities = {
							com.apple.Sandbox = {
								enabled = 1;
							};
							com.apple.iCloud = {
								enabled = 1;
							};
						};
					};
				};
			};
			buildConfigurationList = E6BC799315C4759800080762 /* Build configuration list for PBXProject "PraxPress" */;
			compatibilityVersion = "Xcode 3.2";
			developmentRegion = English;
			hasScannedForEncodings = 0;
			knownRegions = (
				en,
			);
			mainGroup = E6BC798E15C4759800080762;
			productRefGroup = E6BC799A15C4759800080762 /* Products */;
			projectDirPath = "";
			projectReferences = (
				{
					ProductGroup = E676BFCA1772225E007C81B0 /* Products */;
					ProjectRef = E6533C4517721A000094D84F /* OAuth2Client.xcodeproj */;
				},
			);
			projectRoot = "";
			targets = (
				E6BC799815C4759800080762 /* PraxPress */,
			);
		};
/* End PBXProject section */

/* Begin PBXReferenceProxy section */
		E676BFCF1772225E007C81B0 /* OAuth2Client.framework */ = {
			isa = PBXReferenceProxy;
			fileType = wrapper.framework;
			path = OAuth2Client.framework;
			remoteRef = E676BFCE1772225E007C81B0 /* PBXContainerItemProxy */;
			sourceTree = BUILT_PRODUCTS_DIR;
		};
		E676BFD11772225E007C81B0 /* libOAuth2Client.a */ = {
			isa = PBXReferenceProxy;
			fileType = archive.ar;
			path = libOAuth2Client.a;
			remoteRef = E676BFD01772225E007C81B0 /* PBXContainerItemProxy */;
			sourceTree = BUILT_PRODUCTS_DIR;
		};
/* End PBXReferenceProxy section */

/* Begin PBXResourcesBuildPhase section */
		E6BC799715C4759800080762 /* Resources */ = {
			isa = PBXResourcesBuildPhase;
			buildActionMask = 2147483647;
			files = (
				E65F7D5618380159005F9C9F /* reposts.png in Resources */,
				E6BC79A815C4759800080762 /* InfoPlist.strings in Resources */,
				E6BC79AE15C4759800080762 /* Credits.rtf in Resources */,
				E6BC79B715C4759800080762 /* MainMenu.xib in Resources */,
				E6EE3F2615C773D10025C04B /* Connect.wav in Resources */,
				E65F7D5518380159005F9C9F /* plays.png in Resources */,
				E6EE3F2715C773D10025C04B /* Error.wav in Resources */,
				E642A04817863934003FF23C /* PraxPress.xib in Resources */,
				E6EE3F2815C773D10025C04B /* Start.wav in Resources */,
				E642A05217863A87003FF23C /* redlight.tiff in Resources */,
				E6EE3F2915C773D10025C04B /* Stop.wav in Resources */,
				E67007C317873A2B0052FC2B /* isSelectedImage.tiff in Resources */,
				E67007C217873A2B0052FC2B /* isNotSelectedImage.tiff in Resources */,
				E6486D2C182AFA1A000D8D73 /* Download.png in Resources */,
				E65F7D5818380159005F9C9F /* comments.png in Resources */,
				E61021A217BADFC0001E0ED3 /* SoundCloud.png in Resources */,
				E65F7D5918380159005F9C9F /* favorites.png in Resources */,
				E66E6C2316A32691006F07D1 /* AssetMetadataPopover.xib in Resources */,
				E6B1DCA9183D66C40089AA21 /* WordPress.png in Resources */,
				E6486D2D182AFA1A000D8D73 /* Upload.png in Resources */,
				E61CF90317718A6F0038A502 /* PraxPress.icns in Resources */,
				E6192A9218595908001BACD4 /* WidgetViewController.xib in Resources */,
				E6EA108616A9CB090004800F /* icon-network-drive.tiff in Resources */,
				E6EA108716A9CB090004800F /* page_Arrow_Down_hi.tiff in Resources */,
				E656BEC818515445009254BE /* MultipleChangePopover.xib in Resources */,
				E642A05117863A87003FF23C /* orangelight.tiff in Resources */,
				E6EA108816A9CB090004800F /* page_Arrow_Up_hi.tiff in Resources */,
				E6EA10A616ACCEB40004800F /* SoundCloudName138x29.png in Resources */,
				E65F7D5718380159005F9C9F /* downloads.png in Resources */,
				E6FCFE2A186D073A001E9483 /* Clouds32x32.png in Resources */,
				E6EA10A716ACCEB40004800F /* WordPressName127x29.png in Resources */,
				E6EA10A916ACD7680004800F /* Umbrella32x32.png in Resources */,
				E642A05017863A87003FF23C /* greenlight.tiff in Resources */,
				E6DECE9716AD26020076BDC4 /* toggleOff.png in Resources */,
				E6DECE9816AD26020076BDC4 /* toggleOn.png in Resources */,
				E642A04A178639A3003FF23C /* AssetListView.xib in Resources */,
				E61021AB17BAF2D2001E0ED3 /* track.png in Resources */,
				E642A04C178639FA003FF23C /* SourceListCellViews.xib in Resources */,
				E6DECE9B16AD9F830076BDC4 /* toggleLeft.png in Resources */,
				E6297BB4183E8D4B00D58A16 /* SourceInfoPanel.xib in Resources */,
				E6DECE9C16AD9F830076BDC4 /* toggleRight.png in Resources */,
				E65F7D5318380159005F9C9F /* tracks.png in Resources */,
				E65F7D5418380159005F9C9F /* playlists.png in Resources */,
				E61021AA17BAF2D2001E0ED3 /* playlist.png in Resources */,
				E61010C2176FE08900ACF17D /* praxpress-document.icns in Resources */,
				E61021AD17BAF6F3001E0ED3 /* PlaylistFrame.png in Resources */,
				E61010C3176FE08900ACF17D /* praxpress-templates.icns in Resources */,
			);
			runOnlyForDeploymentPostprocessing = 0;
		};
/* End PBXResourcesBuildPhase section */

/* Begin PBXSourcesBuildPhase section */
		E6BC799515C4759800080762 /* Sources */ = {
			isa = PBXSourcesBuildPhase;
			buildActionMask = 2147483647;
			files = (
				E672B40A179C45750036A106 /* TemplateController.m in Sources */,
				E6BC79AA15C4759800080762 /* main.m in Sources */,
				E6BFE3D2185F6EBC001806B7 /* BWTokenFieldCell.m in Sources */,
				E6192A9118595908001BACD4 /* WidgetViewController.m in Sources */,
				E68A34D918559898007D8D7B /* PraxTokenField.m in Sources */,
				E642A03317862F04003FF23C /* PraxPredicateEditorRowTemplate.m in Sources */,
				E6BC79B115C4759800080762 /* Document.m in Sources */,
				E6BC79F715C48FE300080762 /* SpecialProtocol.m in Sources */,
				E6297BBC183E91DF00D58A16 /* SourceInfoPanel.m in Sources */,
				E6FCFE21186CA23F001E9483 /* Account.m in Sources */,
				E642A04317862FF6003FF23C /* SourcePopovers.m in Sources */,
				E6FCFE28186CAAD3001E9483 /* AccountController.m in Sources */,
				E6EDDE2915E021FB0039BEFD /* PraxTextFieldFormatter.m in Sources */,
				E66055D61870D52100787612 /* Prax.m in Sources */,
				E63E87C215E05B5900110570 /* PraxTransformers.m in Sources */,
				E61F38ED17962EEA00728A24 /* Document+DocumentUserInterface.m in Sources */,
				E624D84215EAB03D0066D7D7 /* Asset.m in Sources */,
				E6A142BA1853CB31001B9F6C /* PraxButton.m in Sources */,
				E642A03617862F5D003FF23C /* Source.m in Sources */,
				E6FA7CCE17A5B201005CA002 /* PraxCategories.m in Sources */,
				E6BFE3D1185F6EBC001806B7 /* BWTokenAttachmentCell.m in Sources */,
				E66E6C2216A32691006F07D1 /* AssetMetadataPopover.m in Sources */,
				E642A03517862F1D003FF23C /* RequestController.m in Sources */,
				E6775E4816A4BF4C00CDA34B /* Template.m in Sources */,
				E69270C118295AEA00E5B202 /* NSSplitView+DMAdditions.m in Sources */,
				E6FCFE25186CA921001E9483 /* Document.xcdatamodeld in Sources */,
				E6FCFE17186BBF7C001E9483 /* AssetListViewController+Delegation.m in Sources */,
				E6BFE3D618613977001806B7 /* Interface.m in Sources */,
				E6FCFE13186BBE00001E9483 /* AssetListViewController+KeyObservation.m in Sources */,
				E656BEC718515445009254BE /* MultipleChangePopover.m in Sources */,
				E6FCFE0B186A52EA001E9483 /* CodePopover.m in Sources */,
				E642A03417862F13003FF23C /* SourceController.m in Sources */,
				E64555A916A76F6900740F45 /* TagController.m in Sources */,
				E64555AC16A773C000740F45 /* Tag.m in Sources */,
				E642A04217862FF6003FF23C /* AssetListViewController.m in Sources */,
				E6192A8D18590223001BACD4 /* Widget.m in Sources */,
			);
			runOnlyForDeploymentPostprocessing = 0;
		};
/* End PBXSourcesBuildPhase section */

/* Begin PBXVariantGroup section */
		E642A04617863934003FF23C /* PraxPress.xib */ = {
			isa = PBXVariantGroup;
			children = (
				E642A04717863934003FF23C /* en */,
			);
			name = PraxPress.xib;
			sourceTree = "<group>";
		};
		E6BC79A615C4759800080762 /* InfoPlist.strings */ = {
			isa = PBXVariantGroup;
			children = (
				E6BC79A715C4759800080762 /* en */,
			);
			name = InfoPlist.strings;
			sourceTree = "<group>";
		};
		E6BC79AC15C4759800080762 /* Credits.rtf */ = {
			isa = PBXVariantGroup;
			children = (
				E6BC79AD15C4759800080762 /* en */,
			);
			name = Credits.rtf;
			sourceTree = "<group>";
		};
		E6BC79B515C4759800080762 /* MainMenu.xib */ = {
			isa = PBXVariantGroup;
			children = (
				E6BC79B615C4759800080762 /* en */,
			);
			name = MainMenu.xib;
			sourceTree = "<group>";
		};
/* End PBXVariantGroup section */

/* Begin XCBuildConfiguration section */
		E6BC79CF15C4759800080762 /* Debug */ = {
			isa = XCBuildConfiguration;
			buildSettings = {
				ALWAYS_SEARCH_USER_PATHS = YES;
				ARCHS = "$(ARCHS_STANDARD_64_BIT)";
				CLANG_CXX_LANGUAGE_STANDARD = "gnu++0x";
				CLANG_ENABLE_MODULES = YES;
				CLANG_ENABLE_OBJC_ARC = YES;
				CLANG_WARN__DUPLICATE_METHOD_MATCH = YES;
				CODE_SIGN_IDENTITY = "Mac Developer: John Canfield (JBBM4XW4GY)";
				COPY_PHASE_STRIP = NO;
				FRAMEWORK_SEARCH_PATHS = "";
				GCC_C_LANGUAGE_STANDARD = gnu99;
				GCC_DYNAMIC_NO_PIC = NO;
				GCC_ENABLE_OBJC_EXCEPTIONS = YES;
				GCC_OPTIMIZATION_LEVEL = 0;
				GCC_PREPROCESSOR_DEFINITIONS = (
					"DEBUG=1",
					"$(inherited)",
				);
				GCC_SYMBOLS_PRIVATE_EXTERN = NO;
				GCC_WARN_64_TO_32_BIT_CONVERSION = YES;
				GCC_WARN_ABOUT_RETURN_TYPE = YES;
				GCC_WARN_UNINITIALIZED_AUTOS = YES;
				GCC_WARN_UNUSED_VARIABLE = YES;
				MACOSX_DEPLOYMENT_TARGET = 10.8;
				ONLY_ACTIVE_ARCH = YES;
				OTHER_LDFLAGS = "";
				PROVISIONING_PROFILE = "3DDAF264-0D56-4F97-A766-93BE06C0CB5A";
				SDKROOT = macosx;
			};
			name = Debug;
		};
		E6BC79D015C4759800080762 /* Release */ = {
			isa = XCBuildConfiguration;
			buildSettings = {
				ALWAYS_SEARCH_USER_PATHS = YES;
				ARCHS = "$(ARCHS_STANDARD_64_BIT)";
				CLANG_CXX_LANGUAGE_STANDARD = "gnu++0x";
				CLANG_ENABLE_MODULES = YES;
				CLANG_ENABLE_OBJC_ARC = YES;
				CLANG_WARN__DUPLICATE_METHOD_MATCH = YES;
				CODE_SIGN_IDENTITY = "Mac Developer: John Canfield (JBBM4XW4GY)";
				COPY_PHASE_STRIP = NO;
				DEBUG_INFORMATION_FORMAT = "dwarf-with-dsym";
				FRAMEWORK_SEARCH_PATHS = "";
				GCC_C_LANGUAGE_STANDARD = gnu99;
				GCC_ENABLE_OBJC_EXCEPTIONS = YES;
				GCC_WARN_64_TO_32_BIT_CONVERSION = YES;
				GCC_WARN_ABOUT_RETURN_TYPE = YES;
				GCC_WARN_UNINITIALIZED_AUTOS = YES;
				GCC_WARN_UNUSED_VARIABLE = YES;
				MACOSX_DEPLOYMENT_TARGET = 10.8;
				OTHER_LDFLAGS = "";
				PROVISIONING_PROFILE = "3DDAF264-0D56-4F97-A766-93BE06C0CB5A";
				SDKROOT = macosx;
			};
			name = Release;
		};
		E6BC79D215C4759800080762 /* Debug */ = {
			isa = XCBuildConfiguration;
			buildSettings = {
				CODE_SIGN_ENTITLEMENTS = Sources/PraxPress.entitlements;
				CODE_SIGN_IDENTITY = "Mac Developer";
				COMBINE_HIDPI_IMAGES = YES;
				FRAMEWORK_SEARCH_PATHS = (
					"$(inherited)",
					"$(SRCROOT)",
					"$(SYSTEM_APPS_DIR)/Xcode5.app/Contents/Developer/Library/Frameworks",
				);
				GCC_PRECOMPILE_PREFIX_HEADER = YES;
				GCC_PREFIX_HEADER = "Sources/PraxPress-Prefix.pch";
				INFOPLIST_FILE = "$(SRCROOT)/Sources/PraxPress-Info.plist";
				PRODUCT_NAME = "$(TARGET_NAME)";
				PROVISIONING_PROFILE = "3DDAF264-0D56-4F97-A766-93BE06C0CB5A";
				WRAPPER_EXTENSION = app;
			};
			name = Debug;
		};
		E6BC79D315C4759800080762 /* Release */ = {
			isa = XCBuildConfiguration;
			buildSettings = {
				CODE_SIGN_ENTITLEMENTS = Sources/PraxPress.entitlements;
				CODE_SIGN_IDENTITY = "Mac Developer";
				COMBINE_HIDPI_IMAGES = YES;
				FRAMEWORK_SEARCH_PATHS = (
					"$(inherited)",
					"$(SRCROOT)",
					"$(SYSTEM_APPS_DIR)/Xcode5.app/Contents/Developer/Library/Frameworks",
				);
				GCC_PRECOMPILE_PREFIX_HEADER = YES;
				GCC_PREFIX_HEADER = "Sources/PraxPress-Prefix.pch";
				INFOPLIST_FILE = "$(SRCROOT)/Sources/PraxPress-Info.plist";
				PRODUCT_NAME = "$(TARGET_NAME)";
				PROVISIONING_PROFILE = "3DDAF264-0D56-4F97-A766-93BE06C0CB5A";
				WRAPPER_EXTENSION = app;
			};
			name = Release;
		};
/* End XCBuildConfiguration section */

/* Begin XCConfigurationList section */
		E6BC799315C4759800080762 /* Build configuration list for PBXProject "PraxPress" */ = {
			isa = XCConfigurationList;
			buildConfigurations = (
				E6BC79CF15C4759800080762 /* Debug */,
				E6BC79D015C4759800080762 /* Release */,
			);
			defaultConfigurationIsVisible = 0;
			defaultConfigurationName = Release;
		};
		E6BC79D115C4759800080762 /* Build configuration list for PBXNativeTarget "PraxPress" */ = {
			isa = XCConfigurationList;
			buildConfigurations = (
				E6BC79D215C4759800080762 /* Debug */,
				E6BC79D315C4759800080762 /* Release */,
			);
			defaultConfigurationIsVisible = 0;
			defaultConfigurationName = Release;
		};
/* End XCConfigurationList section */

/* Begin XCVersionGroup section */
		E6FCFE22186CA921001E9483 /* Document.xcdatamodeld */ = {
			isa = XCVersionGroup;
			children = (
				E6FCFE23186CA921001E9483 /* Document1. 3.xcdatamodel */,
				E6FCFE24186CA921001E9483 /* Document1. 4.xcdatamodel */,
			);
			currentVersion = E6FCFE23186CA921001E9483 /* Document1. 3.xcdatamodel */;
			path = Document.xcdatamodeld;
			sourceTree = "<group>";
			versionGroupType = wrapper.xcdatamodel;
		};
/* End XCVersionGroup section */
	};
	rootObject = E6BC799015C4759800080762 /* Project object */;
}
