// !$*UTF8*$!
{
	archiveVersion = 1;
	classes = {
	};
	objectVersion = 46;
	objects = {

/* Begin PBXBuildFile section */
		E606CDBE1606F1C000D34EDE /* AssetController.m in Sources */ = {isa = PBXBuildFile; fileRef = E606CDBD1606F1C000D34EDE /* AssetController.m */; };
		E61010C2176FE08900ACF17D /* praxpress-document.icns in Resources */ = {isa = PBXBuildFile; fileRef = E61010C0176FE08900ACF17D /* praxpress-document.icns */; };
		E61010C3176FE08900ACF17D /* praxpress-templates.icns in Resources */ = {isa = PBXBuildFile; fileRef = E61010C1176FE08900ACF17D /* praxpress-templates.icns */; };
		E624D84215EAB03D0066D7D7 /* Asset.m in Sources */ = {isa = PBXBuildFile; fileRef = E6EDDE2615DC0CF60039BEFD /* Asset.m */; };
		E63E87C215E05B5900110570 /* PraxTransformers.m in Sources */ = {isa = PBXBuildFile; fileRef = E63E87C115E05B5900110570 /* PraxTransformers.m */; };
		E644B178168F671A0001CE52 /* SourceSelectionController.m in Sources */ = {isa = PBXBuildFile; fileRef = E644B176168F67190001CE52 /* SourceSelectionController.m */; };
		E644B179168F671A0001CE52 /* SourceSelectionController.xib in Resources */ = {isa = PBXBuildFile; fileRef = E644B177168F67190001CE52 /* SourceSelectionController.xib */; };
		E64555A916A76F6900740F45 /* TagController.m in Sources */ = {isa = PBXBuildFile; fileRef = E64555A816A76F6900740F45 /* TagController.m */; };
		E64555AC16A773C000740F45 /* Tag.m in Sources */ = {isa = PBXBuildFile; fileRef = E64555AB16A773BF00740F45 /* Tag.m */; };
		E64774AC16067BA0003BD981 /* TemplateViewController.m in Sources */ = {isa = PBXBuildFile; fileRef = E64774AB16067BA0003BD981 /* TemplateViewController.m */; };
		E65BD6F515E7C63900D9F0A4 /* BatchController.m in Sources */ = {isa = PBXBuildFile; fileRef = E65BD6F415E7C63900D9F0A4 /* BatchController.m */; };
		E661E62D1626182400EFD83A /* AccountViewController.m in Sources */ = {isa = PBXBuildFile; fileRef = E661E62B1626182400EFD83A /* AccountViewController.m */; };
		E661E62E1626182400EFD83A /* AccountViewController.xib in Resources */ = {isa = PBXBuildFile; fileRef = E661E62C1626182400EFD83A /* AccountViewController.xib */; };
		E664659516A4D94E004E3448 /* Document.xcdatamodeld in Sources */ = {isa = PBXBuildFile; fileRef = E664659316A4D94E004E3448 /* Document.xcdatamodeld */; };
		E665634415E9744400DFC7C9 /* TemplateView.xib in Resources */ = {isa = PBXBuildFile; fileRef = E665634315E9744400DFC7C9 /* TemplateView.xib */; };
		E66E6C01169F1252006F07D1 /* AssetDetailController.m in Sources */ = {isa = PBXBuildFile; fileRef = E66E6BFF169F1252006F07D1 /* AssetDetailController.m */; };
		E66E6C02169F1252006F07D1 /* AssetDetailController.xib in Resources */ = {isa = PBXBuildFile; fileRef = E66E6C00169F1252006F07D1 /* AssetDetailController.xib */; };
		E66E6C0A169F78DF006F07D1 /* AssetPredicateController.m in Sources */ = {isa = PBXBuildFile; fileRef = E66E6C08169F78DF006F07D1 /* AssetPredicateController.m */; };
		E66E6C0B169F78DF006F07D1 /* AssetPredicateController.xib in Resources */ = {isa = PBXBuildFile; fileRef = E66E6C09169F78DF006F07D1 /* AssetPredicateController.xib */; };
		E66E6C1316A0D998006F07D1 /* AssetTableCellView.xib in Resources */ = {isa = PBXBuildFile; fileRef = E66E6C1216A0D998006F07D1 /* AssetTableCellView.xib */; };
		E66E6C1916A1CCEC006F07D1 /* TemplateViewController.xib in Resources */ = {isa = PBXBuildFile; fileRef = E66E6C1816A1CCEC006F07D1 /* TemplateViewController.xib */; };
		E66E6C2216A32691006F07D1 /* AssetMetadataPopover.m in Sources */ = {isa = PBXBuildFile; fileRef = E66E6C2016A3268F006F07D1 /* AssetMetadataPopover.m */; };
		E66E6C2316A32691006F07D1 /* AssetMetadataPopover.xib in Resources */ = {isa = PBXBuildFile; fileRef = E66E6C2116A32690006F07D1 /* AssetMetadataPopover.xib */; };
		E673D1AB16A9A05D002B060D /* PlaylistController.m in Sources */ = {isa = PBXBuildFile; fileRef = E673D1AA16A9A05C002B060D /* PlaylistController.m */; };
		E6775E4816A4BF4C00CDA34B /* Template.m in Sources */ = {isa = PBXBuildFile; fileRef = E6775E4716A4BF4C00CDA34B /* Template.m */; };
		E67782CA160D06990069FEE3 /* Account.m in Sources */ = {isa = PBXBuildFile; fileRef = E67782C9160D06990069FEE3 /* Account.m */; };
		E6ACA28615D6D41800373A3B /* UpdateController.m in Sources */ = {isa = PBXBuildFile; fileRef = E6ACA28515D6D41800373A3B /* UpdateController.m */; };
		E6BC79A815C4759800080762 /* InfoPlist.strings in Resources */ = {isa = PBXBuildFile; fileRef = E6BC79A615C4759800080762 /* InfoPlist.strings */; };
		E6BC79AA15C4759800080762 /* main.m in Sources */ = {isa = PBXBuildFile; fileRef = E6BC79A915C4759800080762 /* main.m */; };
		E6BC79AE15C4759800080762 /* Credits.rtf in Resources */ = {isa = PBXBuildFile; fileRef = E6BC79AC15C4759800080762 /* Credits.rtf */; };
		E6BC79B115C4759800080762 /* Document.m in Sources */ = {isa = PBXBuildFile; fileRef = E6BC79B015C4759800080762 /* Document.m */; };
		E6BC79B415C4759800080762 /* Document.xib in Resources */ = {isa = PBXBuildFile; fileRef = E6BC79B215C4759800080762 /* Document.xib */; };
		E6BC79B715C4759800080762 /* MainMenu.xib in Resources */ = {isa = PBXBuildFile; fileRef = E6BC79B515C4759800080762 /* MainMenu.xib */; };
		E6BC79F715C48FE300080762 /* SpecialProtocol.m in Sources */ = {isa = PBXBuildFile; fileRef = E6BC79F615C48FE300080762 /* SpecialProtocol.m */; };
		E6D19B94168AB11300D068BC /* AssetTableCellView.m in Sources */ = {isa = PBXBuildFile; fileRef = E6D19B93168AB11300D068BC /* AssetTableCellView.m */; };
		E6DECE9716AD26020076BDC4 /* toggleOff.png in Resources */ = {isa = PBXBuildFile; fileRef = E6DECE9516AD26020076BDC4 /* toggleOff.png */; };
		E6DECE9816AD26020076BDC4 /* toggleOn.png in Resources */ = {isa = PBXBuildFile; fileRef = E6DECE9616AD26020076BDC4 /* toggleOn.png */; };
		E6DECE9B16AD9F830076BDC4 /* toggleLeft.png in Resources */ = {isa = PBXBuildFile; fileRef = E6DECE9916AD9F830076BDC4 /* toggleLeft.png */; };
		E6DECE9C16AD9F830076BDC4 /* toggleRight.png in Resources */ = {isa = PBXBuildFile; fileRef = E6DECE9A16AD9F830076BDC4 /* toggleRight.png */; };
		E6EA108616A9CB090004800F /* icon-network-drive.tiff in Resources */ = {isa = PBXBuildFile; fileRef = E6EA108316A9CB090004800F /* icon-network-drive.tiff */; };
		E6EA108716A9CB090004800F /* page_Arrow_Down_hi.tiff in Resources */ = {isa = PBXBuildFile; fileRef = E6EA108416A9CB090004800F /* page_Arrow_Down_hi.tiff */; };
		E6EA108816A9CB090004800F /* page_Arrow_Up_hi.tiff in Resources */ = {isa = PBXBuildFile; fileRef = E6EA108516A9CB090004800F /* page_Arrow_Up_hi.tiff */; };
		E6EA10A216AB22DD0004800F /* NewPlaylistPopover.m in Sources */ = {isa = PBXBuildFile; fileRef = E6EA10A016AB22DD0004800F /* NewPlaylistPopover.m */; };
		E6EA10A316AB22DD0004800F /* NewPlaylistPopover.xib in Resources */ = {isa = PBXBuildFile; fileRef = E6EA10A116AB22DD0004800F /* NewPlaylistPopover.xib */; };
		E6EA10A616ACCEB40004800F /* SoundCloudName138x29.png in Resources */ = {isa = PBXBuildFile; fileRef = E6EA10A416ACCEB40004800F /* SoundCloudName138x29.png */; };
		E6EA10A716ACCEB40004800F /* WordPressName127x29.png in Resources */ = {isa = PBXBuildFile; fileRef = E6EA10A516ACCEB40004800F /* WordPressName127x29.png */; };
		E6EA10A916ACD7680004800F /* Umbrella32x32.png in Resources */ = {isa = PBXBuildFile; fileRef = E6EA10A816ACD7680004800F /* Umbrella32x32.png */; };
		E6EDDE2915E021FB0039BEFD /* PraxTextFieldFormatter.m in Sources */ = {isa = PBXBuildFile; fileRef = E6EDDE2815E021FB0039BEFD /* PraxTextFieldFormatter.m */; };
		E6EE3F2615C773D10025C04B /* Connect.wav in Resources */ = {isa = PBXBuildFile; fileRef = E6EE3F2215C773D10025C04B /* Connect.wav */; };
		E6EE3F2715C773D10025C04B /* Error.wav in Resources */ = {isa = PBXBuildFile; fileRef = E6EE3F2315C773D10025C04B /* Error.wav */; };
		E6EE3F2815C773D10025C04B /* Start.wav in Resources */ = {isa = PBXBuildFile; fileRef = E6EE3F2415C773D10025C04B /* Start.wav */; };
		E6EE3F2915C773D10025C04B /* Stop.wav in Resources */ = {isa = PBXBuildFile; fileRef = E6EE3F2515C773D10025C04B /* Stop.wav */; };
		E6F6417216C0B77600FD5644 /* PraxPress.icns in Resources */ = {isa = PBXBuildFile; fileRef = E6F6417116C0B77600FD5644 /* PraxPress.icns */; };
		E6F80B2A1623969100828086 /* ChangeValuesController.m in Sources */ = {isa = PBXBuildFile; fileRef = E6F80B281623969100828086 /* ChangeValuesController.m */; };
		E6F80B2B1623969100828086 /* ChangeValuesController.xib in Resources */ = {isa = PBXBuildFile; fileRef = E6F80B291623969100828086 /* ChangeValuesController.xib */; };
/* End PBXBuildFile section */

/* Begin PBXCopyFilesBuildPhase section */
		E6D6F61215D97B66005CA87F /* CopyFiles */ = {
			isa = PBXCopyFilesBuildPhase;
			buildActionMask = 2147483647;
			dstPath = "";
			dstSubfolderSpec = 10;
			files = (
			);
			runOnlyForDeploymentPostprocessing = 0;
		};
/* End PBXCopyFilesBuildPhase section */

/* Begin PBXFileReference section */
		E606CDBC1606F1C000D34EDE /* AssetController.h */ = {isa = PBXFileReference; fileEncoding = 4; lastKnownFileType = sourcecode.c.h; path = AssetController.h; sourceTree = "<group>"; };
		E606CDBD1606F1C000D34EDE /* AssetController.m */ = {isa = PBXFileReference; fileEncoding = 4; lastKnownFileType = sourcecode.c.objc; path = AssetController.m; sourceTree = "<group>"; };
		E61010C0176FE08900ACF17D /* praxpress-document.icns */ = {isa = PBXFileReference; lastKnownFileType = image.icns; path = "praxpress-document.icns"; sourceTree = "<group>"; };
		E61010C1176FE08900ACF17D /* praxpress-templates.icns */ = {isa = PBXFileReference; lastKnownFileType = image.icns; path = "praxpress-templates.icns"; sourceTree = "<group>"; };
		E63E87C015E05B5900110570 /* PraxTransformers.h */ = {isa = PBXFileReference; fileEncoding = 4; lastKnownFileType = sourcecode.c.h; path = PraxTransformers.h; sourceTree = "<group>"; };
		E63E87C115E05B5900110570 /* PraxTransformers.m */ = {isa = PBXFileReference; fileEncoding = 4; lastKnownFileType = sourcecode.c.objc; path = PraxTransformers.m; sourceTree = "<group>"; };
		E644B175168F67190001CE52 /* SourceSelectionController.h */ = {isa = PBXFileReference; fileEncoding = 4; lastKnownFileType = sourcecode.c.h; path = SourceSelectionController.h; sourceTree = "<group>"; };
		E644B176168F67190001CE52 /* SourceSelectionController.m */ = {isa = PBXFileReference; fileEncoding = 4; lastKnownFileType = sourcecode.c.objc; path = SourceSelectionController.m; sourceTree = "<group>"; };
		E644B177168F67190001CE52 /* SourceSelectionController.xib */ = {isa = PBXFileReference; fileEncoding = 4; lastKnownFileType = file.xib; path = SourceSelectionController.xib; sourceTree = "<group>"; };
		E64555A716A76F6900740F45 /* TagController.h */ = {isa = PBXFileReference; fileEncoding = 4; lastKnownFileType = sourcecode.c.h; path = TagController.h; sourceTree = "<group>"; };
		E64555A816A76F6900740F45 /* TagController.m */ = {isa = PBXFileReference; fileEncoding = 4; lastKnownFileType = sourcecode.c.objc; path = TagController.m; sourceTree = "<group>"; };
		E64555AA16A773BF00740F45 /* Tag.h */ = {isa = PBXFileReference; fileEncoding = 4; lastKnownFileType = sourcecode.c.h; path = Tag.h; sourceTree = "<group>"; };
		E64555AB16A773BF00740F45 /* Tag.m */ = {isa = PBXFileReference; fileEncoding = 4; lastKnownFileType = sourcecode.c.objc; path = Tag.m; sourceTree = "<group>"; };
		E64774AA16067BA0003BD981 /* TemplateViewController.h */ = {isa = PBXFileReference; fileEncoding = 4; lastKnownFileType = sourcecode.c.h; lineEnding = 0; path = TemplateViewController.h; sourceTree = "<group>"; xcLanguageSpecificationIdentifier = xcode.lang.objcpp; };
		E64774AB16067BA0003BD981 /* TemplateViewController.m */ = {isa = PBXFileReference; fileEncoding = 4; lastKnownFileType = sourcecode.c.objc; lineEnding = 0; path = TemplateViewController.m; sourceTree = "<group>"; xcLanguageSpecificationIdentifier = xcode.lang.objc; };
		E65BD6F315E7C63900D9F0A4 /* BatchController.h */ = {isa = PBXFileReference; fileEncoding = 4; lastKnownFileType = sourcecode.c.h; path = BatchController.h; sourceTree = "<group>"; };
		E65BD6F415E7C63900D9F0A4 /* BatchController.m */ = {isa = PBXFileReference; fileEncoding = 4; lastKnownFileType = sourcecode.c.objc; path = BatchController.m; sourceTree = "<group>"; };
		E661E62A1626182300EFD83A /* AccountViewController.h */ = {isa = PBXFileReference; fileEncoding = 4; lastKnownFileType = sourcecode.c.h; path = AccountViewController.h; sourceTree = "<group>"; };
		E661E62B1626182400EFD83A /* AccountViewController.m */ = {isa = PBXFileReference; fileEncoding = 4; lastKnownFileType = sourcecode.c.objc; path = AccountViewController.m; sourceTree = "<group>"; };
		E661E62C1626182400EFD83A /* AccountViewController.xib */ = {isa = PBXFileReference; fileEncoding = 4; lastKnownFileType = file.xib; path = AccountViewController.xib; sourceTree = "<group>"; };
		E664659416A4D94E004E3448 /* Document.xcdatamodel */ = {isa = PBXFileReference; lastKnownFileType = wrapper.xcdatamodel; path = Document.xcdatamodel; sourceTree = "<group>"; };
		E664659616A4D9B0004E3448 /* Document1.0.xcdatamodel */ = {isa = PBXFileReference; lastKnownFileType = wrapper.xcdatamodel; path = Document1.0.xcdatamodel; sourceTree = "<group>"; };
		E665634315E9744400DFC7C9 /* TemplateView.xib */ = {isa = PBXFileReference; fileEncoding = 4; lastKnownFileType = file.xib; path = TemplateView.xib; sourceTree = "<group>"; };
		E66E6BF916951AFE006F07D1 /* PraxPress.entitlements */ = {isa = PBXFileReference; lastKnownFileType = text.xml; path = PraxPress.entitlements; sourceTree = "<group>"; };
		E66E6BFE169F1252006F07D1 /* AssetDetailController.h */ = {isa = PBXFileReference; fileEncoding = 4; lastKnownFileType = sourcecode.c.h; path = AssetDetailController.h; sourceTree = "<group>"; };
		E66E6BFF169F1252006F07D1 /* AssetDetailController.m */ = {isa = PBXFileReference; fileEncoding = 4; lastKnownFileType = sourcecode.c.objc; path = AssetDetailController.m; sourceTree = "<group>"; };
		E66E6C00169F1252006F07D1 /* AssetDetailController.xib */ = {isa = PBXFileReference; fileEncoding = 4; lastKnownFileType = file.xib; path = AssetDetailController.xib; sourceTree = "<group>"; };
		E66E6C07169F78DF006F07D1 /* AssetPredicateController.h */ = {isa = PBXFileReference; fileEncoding = 4; lastKnownFileType = sourcecode.c.h; path = AssetPredicateController.h; sourceTree = "<group>"; };
		E66E6C08169F78DF006F07D1 /* AssetPredicateController.m */ = {isa = PBXFileReference; fileEncoding = 4; lastKnownFileType = sourcecode.c.objc; path = AssetPredicateController.m; sourceTree = "<group>"; };
		E66E6C09169F78DF006F07D1 /* AssetPredicateController.xib */ = {isa = PBXFileReference; fileEncoding = 4; lastKnownFileType = file.xib; path = AssetPredicateController.xib; sourceTree = "<group>"; };
		E66E6C1216A0D998006F07D1 /* AssetTableCellView.xib */ = {isa = PBXFileReference; fileEncoding = 4; lastKnownFileType = file.xib; path = AssetTableCellView.xib; sourceTree = "<group>"; };
		E66E6C1816A1CCEC006F07D1 /* TemplateViewController.xib */ = {isa = PBXFileReference; fileEncoding = 4; lastKnownFileType = file.xib; path = TemplateViewController.xib; sourceTree = "<group>"; };
		E66E6C1F16A3268F006F07D1 /* AssetMetadataPopover.h */ = {isa = PBXFileReference; fileEncoding = 4; lastKnownFileType = sourcecode.c.h; path = AssetMetadataPopover.h; sourceTree = "<group>"; };
		E66E6C2016A3268F006F07D1 /* AssetMetadataPopover.m */ = {isa = PBXFileReference; fileEncoding = 4; lastKnownFileType = sourcecode.c.objc; path = AssetMetadataPopover.m; sourceTree = "<group>"; };
		E66E6C2116A32690006F07D1 /* AssetMetadataPopover.xib */ = {isa = PBXFileReference; fileEncoding = 4; lastKnownFileType = file.xib; path = AssetMetadataPopover.xib; sourceTree = "<group>"; };
		E673D1A916A9A05C002B060D /* PlaylistController.h */ = {isa = PBXFileReference; fileEncoding = 4; lastKnownFileType = sourcecode.c.h; path = PlaylistController.h; sourceTree = "<group>"; };
		E673D1AA16A9A05C002B060D /* PlaylistController.m */ = {isa = PBXFileReference; fileEncoding = 4; lastKnownFileType = sourcecode.c.objc; path = PlaylistController.m; sourceTree = "<group>"; };
		E6775E4616A4BF4C00CDA34B /* Template.h */ = {isa = PBXFileReference; fileEncoding = 4; lastKnownFileType = sourcecode.c.h; path = Template.h; sourceTree = "<group>"; };
		E6775E4716A4BF4C00CDA34B /* Template.m */ = {isa = PBXFileReference; fileEncoding = 4; lastKnownFileType = sourcecode.c.objc; path = Template.m; sourceTree = "<group>"; };
		E67782C8160D06990069FEE3 /* Account.h */ = {isa = PBXFileReference; fileEncoding = 4; lastKnownFileType = sourcecode.c.h; path = Account.h; sourceTree = "<group>"; };
		E67782C9160D06990069FEE3 /* Account.m */ = {isa = PBXFileReference; fileEncoding = 4; lastKnownFileType = sourcecode.c.objc; path = Account.m; sourceTree = "<group>"; };
		E6ACA28415D6D41800373A3B /* UpdateController.h */ = {isa = PBXFileReference; fileEncoding = 4; lastKnownFileType = sourcecode.c.h; path = UpdateController.h; sourceTree = "<group>"; };
		E6ACA28515D6D41800373A3B /* UpdateController.m */ = {isa = PBXFileReference; fileEncoding = 4; lastKnownFileType = sourcecode.c.objc; lineEnding = 0; path = UpdateController.m; sourceTree = "<group>"; xcLanguageSpecificationIdentifier = xcode.lang.objc; };
		E6BC799915C4759800080762 /* PraxPress.app */ = {isa = PBXFileReference; explicitFileType = wrapper.application; includeInIndex = 0; path = PraxPress.app; sourceTree = BUILT_PRODUCTS_DIR; };
		E6BC79A515C4759800080762 /* PraxPress-Info.plist */ = {isa = PBXFileReference; lastKnownFileType = text.plist.xml; path = "PraxPress-Info.plist"; sourceTree = "<group>"; };
		E6BC79A715C4759800080762 /* en */ = {isa = PBXFileReference; lastKnownFileType = text.plist.strings; name = en; path = en.lproj/InfoPlist.strings; sourceTree = "<group>"; };
		E6BC79A915C4759800080762 /* main.m */ = {isa = PBXFileReference; lastKnownFileType = sourcecode.c.objc; path = main.m; sourceTree = "<group>"; };
		E6BC79AB15C4759800080762 /* PraxPress-Prefix.pch */ = {isa = PBXFileReference; lastKnownFileType = sourcecode.c.h; path = "PraxPress-Prefix.pch"; sourceTree = "<group>"; };
		E6BC79AD15C4759800080762 /* en */ = {isa = PBXFileReference; lastKnownFileType = text.rtf; name = en; path = en.lproj/Credits.rtf; sourceTree = "<group>"; };
		E6BC79AF15C4759800080762 /* Document.h */ = {isa = PBXFileReference; lastKnownFileType = sourcecode.c.h; lineEnding = 0; path = Document.h; sourceTree = "<group>"; xcLanguageSpecificationIdentifier = xcode.lang.objcpp; };
		E6BC79B015C4759800080762 /* Document.m */ = {isa = PBXFileReference; lastKnownFileType = sourcecode.c.objc; lineEnding = 0; path = Document.m; sourceTree = "<group>"; xcLanguageSpecificationIdentifier = xcode.lang.objc; };
		E6BC79B315C4759800080762 /* en */ = {isa = PBXFileReference; lastKnownFileType = file.xib; name = en; path = en.lproj/Document.xib; sourceTree = "<group>"; };
		E6BC79B615C4759800080762 /* en */ = {isa = PBXFileReference; lastKnownFileType = file.xib; name = en; path = en.lproj/MainMenu.xib; sourceTree = "<group>"; };
		E6BC79F515C48FE300080762 /* SpecialProtocol.h */ = {isa = PBXFileReference; fileEncoding = 4; lastKnownFileType = sourcecode.c.h; path = SpecialProtocol.h; sourceTree = "<group>"; };
		E6BC79F615C48FE300080762 /* SpecialProtocol.m */ = {isa = PBXFileReference; fileEncoding = 4; lastKnownFileType = sourcecode.c.objc; path = SpecialProtocol.m; sourceTree = "<group>"; };
		E6D19B92168AB11300D068BC /* AssetTableCellView.h */ = {isa = PBXFileReference; fileEncoding = 4; lastKnownFileType = sourcecode.c.h; path = AssetTableCellView.h; sourceTree = "<group>"; };
		E6D19B93168AB11300D068BC /* AssetTableCellView.m */ = {isa = PBXFileReference; fileEncoding = 4; lastKnownFileType = sourcecode.c.objc; path = AssetTableCellView.m; sourceTree = "<group>"; };
		E6DECE9516AD26020076BDC4 /* toggleOff.png */ = {isa = PBXFileReference; lastKnownFileType = image.png; path = toggleOff.png; sourceTree = "<group>"; };
		E6DECE9616AD26020076BDC4 /* toggleOn.png */ = {isa = PBXFileReference; lastKnownFileType = image.png; path = toggleOn.png; sourceTree = "<group>"; };
		E6DECE9916AD9F830076BDC4 /* toggleLeft.png */ = {isa = PBXFileReference; lastKnownFileType = image.png; path = toggleLeft.png; sourceTree = "<group>"; };
		E6DECE9A16AD9F830076BDC4 /* toggleRight.png */ = {isa = PBXFileReference; lastKnownFileType = image.png; path = toggleRight.png; sourceTree = "<group>"; };
		E6EA108316A9CB090004800F /* icon-network-drive.tiff */ = {isa = PBXFileReference; lastKnownFileType = image.tiff; path = "icon-network-drive.tiff"; sourceTree = "<group>"; };
		E6EA108416A9CB090004800F /* page_Arrow_Down_hi.tiff */ = {isa = PBXFileReference; lastKnownFileType = image.tiff; path = page_Arrow_Down_hi.tiff; sourceTree = "<group>"; };
		E6EA108516A9CB090004800F /* page_Arrow_Up_hi.tiff */ = {isa = PBXFileReference; lastKnownFileType = image.tiff; path = page_Arrow_Up_hi.tiff; sourceTree = "<group>"; };
		E6EA109F16AB22DD0004800F /* NewPlaylistPopover.h */ = {isa = PBXFileReference; fileEncoding = 4; lastKnownFileType = sourcecode.c.h; path = NewPlaylistPopover.h; sourceTree = "<group>"; };
		E6EA10A016AB22DD0004800F /* NewPlaylistPopover.m */ = {isa = PBXFileReference; fileEncoding = 4; lastKnownFileType = sourcecode.c.objc; path = NewPlaylistPopover.m; sourceTree = "<group>"; };
		E6EA10A116AB22DD0004800F /* NewPlaylistPopover.xib */ = {isa = PBXFileReference; fileEncoding = 4; lastKnownFileType = file.xib; path = NewPlaylistPopover.xib; sourceTree = "<group>"; };
		E6EA10A416ACCEB40004800F /* SoundCloudName138x29.png */ = {isa = PBXFileReference; lastKnownFileType = image.png; path = SoundCloudName138x29.png; sourceTree = "<group>"; };
		E6EA10A516ACCEB40004800F /* WordPressName127x29.png */ = {isa = PBXFileReference; lastKnownFileType = image.png; path = WordPressName127x29.png; sourceTree = "<group>"; };
		E6EA10A816ACD7680004800F /* Umbrella32x32.png */ = {isa = PBXFileReference; lastKnownFileType = image.png; path = Umbrella32x32.png; sourceTree = "<group>"; };
		E6EDDE2515DC0CF60039BEFD /* Asset.h */ = {isa = PBXFileReference; lastKnownFileType = sourcecode.c.h; lineEnding = 0; path = Asset.h; sourceTree = "<group>"; xcLanguageSpecificationIdentifier = xcode.lang.objcpp; };
		E6EDDE2615DC0CF60039BEFD /* Asset.m */ = {isa = PBXFileReference; lastKnownFileType = sourcecode.c.objc; path = Asset.m; sourceTree = "<group>"; };
		E6EDDE2715E021FB0039BEFD /* PraxTextFieldFormatter.h */ = {isa = PBXFileReference; fileEncoding = 4; lastKnownFileType = sourcecode.c.h; path = PraxTextFieldFormatter.h; sourceTree = "<group>"; };
		E6EDDE2815E021FB0039BEFD /* PraxTextFieldFormatter.m */ = {isa = PBXFileReference; fileEncoding = 4; lastKnownFileType = sourcecode.c.objc; path = PraxTextFieldFormatter.m; sourceTree = "<group>"; };
		E6EE3F2215C773D10025C04B /* Connect.wav */ = {isa = PBXFileReference; lastKnownFileType = audio.wav; path = Connect.wav; sourceTree = "<group>"; };
		E6EE3F2315C773D10025C04B /* Error.wav */ = {isa = PBXFileReference; lastKnownFileType = audio.wav; path = Error.wav; sourceTree = "<group>"; };
		E6EE3F2415C773D10025C04B /* Start.wav */ = {isa = PBXFileReference; lastKnownFileType = audio.wav; path = Start.wav; sourceTree = "<group>"; };
		E6EE3F2515C773D10025C04B /* Stop.wav */ = {isa = PBXFileReference; lastKnownFileType = audio.wav; path = Stop.wav; sourceTree = "<group>"; };
		E6F6417116C0B77600FD5644 /* PraxPress.icns */ = {isa = PBXFileReference; lastKnownFileType = image.icns; path = PraxPress.icns; sourceTree = "<group>"; };
		E6F80B271623969100828086 /* ChangeValuesController.h */ = {isa = PBXFileReference; fileEncoding = 4; lastKnownFileType = sourcecode.c.h; path = ChangeValuesController.h; sourceTree = "<group>"; };
		E6F80B281623969100828086 /* ChangeValuesController.m */ = {isa = PBXFileReference; fileEncoding = 4; lastKnownFileType = sourcecode.c.objc; path = ChangeValuesController.m; sourceTree = "<group>"; };
		E6F80B291623969100828086 /* ChangeValuesController.xib */ = {isa = PBXFileReference; fileEncoding = 4; lastKnownFileType = file.xib; path = ChangeValuesController.xib; sourceTree = "<group>"; };
/* End PBXFileReference section */

/* Begin PBXFrameworksBuildPhase section */
		E6BC799615C4759800080762 /* Frameworks */ = {
			isa = PBXFrameworksBuildPhase;
			buildActionMask = 2147483647;
			files = (
			);
			runOnlyForDeploymentPostprocessing = 0;
		};
/* End PBXFrameworksBuildPhase section */

/* Begin PBXGroup section */
		E624D84A15EAEC570066D7D7 /* Helpers */ = {
			isa = PBXGroup;
			children = (
				E6BC79F515C48FE300080762 /* SpecialProtocol.h */,
				E6BC79F615C48FE300080762 /* SpecialProtocol.m */,
				E6EDDE2715E021FB0039BEFD /* PraxTextFieldFormatter.h */,
				E6EDDE2815E021FB0039BEFD /* PraxTextFieldFormatter.m */,
				E63E87C015E05B5900110570 /* PraxTransformers.h */,
				E63E87C115E05B5900110570 /* PraxTransformers.m */,
			);
			name = Helpers;
			sourceTree = "<group>";
		};
		E661E63216279D3600EFD83A /* Entities */ = {
			isa = PBXGroup;
			children = (
				E67782C8160D06990069FEE3 /* Account.h */,
				E67782C9160D06990069FEE3 /* Account.m */,
				E6EDDE2515DC0CF60039BEFD /* Asset.h */,
				E6EDDE2615DC0CF60039BEFD /* Asset.m */,
				E64555AA16A773BF00740F45 /* Tag.h */,
				E64555AB16A773BF00740F45 /* Tag.m */,
				E6775E4616A4BF4C00CDA34B /* Template.h */,
				E6775E4716A4BF4C00CDA34B /* Template.m */,
			);
			name = Entities;
			sourceTree = "<group>";
		};
		E661E63316279D5C00EFD83A /* View Controllers */ = {
			isa = PBXGroup;
			children = (
				E661E62A1626182300EFD83A /* AccountViewController.h */,
				E661E62B1626182400EFD83A /* AccountViewController.m */,
				E66E6BFE169F1252006F07D1 /* AssetDetailController.h */,
				E66E6BFF169F1252006F07D1 /* AssetDetailController.m */,
				E66E6C1F16A3268F006F07D1 /* AssetMetadataPopover.h */,
				E66E6C2016A3268F006F07D1 /* AssetMetadataPopover.m */,
				E66E6C07169F78DF006F07D1 /* AssetPredicateController.h */,
				E66E6C08169F78DF006F07D1 /* AssetPredicateController.m */,
				E6D19B92168AB11300D068BC /* AssetTableCellView.h */,
				E6D19B93168AB11300D068BC /* AssetTableCellView.m */,
				E6F80B271623969100828086 /* ChangeValuesController.h */,
				E6F80B281623969100828086 /* ChangeValuesController.m */,
				E6EA109F16AB22DD0004800F /* NewPlaylistPopover.h */,
				E6EA10A016AB22DD0004800F /* NewPlaylistPopover.m */,
				E644B175168F67190001CE52 /* SourceSelectionController.h */,
				E644B176168F67190001CE52 /* SourceSelectionController.m */,
				E64774AA16067BA0003BD981 /* TemplateViewController.h */,
				E64774AB16067BA0003BD981 /* TemplateViewController.m */,
			);
			name = "View Controllers";
			sourceTree = "<group>";
		};
		E661E63416279DB500EFD83A /* Interface */ = {
			isa = PBXGroup;
			children = (
				E661E62C1626182400EFD83A /* AccountViewController.xib */,
				E66E6C00169F1252006F07D1 /* AssetDetailController.xib */,
				E66E6C2116A32690006F07D1 /* AssetMetadataPopover.xib */,
				E66E6C09169F78DF006F07D1 /* AssetPredicateController.xib */,
				E66E6C1216A0D998006F07D1 /* AssetTableCellView.xib */,
				E6F80B291623969100828086 /* ChangeValuesController.xib */,
				E6EA10A116AB22DD0004800F /* NewPlaylistPopover.xib */,
				E644B177168F67190001CE52 /* SourceSelectionController.xib */,
				E665634315E9744400DFC7C9 /* TemplateView.xib */,
				E66E6C1816A1CCEC006F07D1 /* TemplateViewController.xib */,
			);
			name = Interface;
			sourceTree = "<group>";
		};
		E661E63516279DF200EFD83A /* Object Controllers */ = {
			isa = PBXGroup;
			children = (
				E606CDBC1606F1C000D34EDE /* AssetController.h */,
				E606CDBD1606F1C000D34EDE /* AssetController.m */,
				E65BD6F315E7C63900D9F0A4 /* BatchController.h */,
				E65BD6F415E7C63900D9F0A4 /* BatchController.m */,
				E673D1A916A9A05C002B060D /* PlaylistController.h */,
				E673D1AA16A9A05C002B060D /* PlaylistController.m */,
				E64555A716A76F6900740F45 /* TagController.h */,
				E64555A816A76F6900740F45 /* TagController.m */,
				E6ACA28415D6D41800373A3B /* UpdateController.h */,
				E6ACA28515D6D41800373A3B /* UpdateController.m */,
			);
			name = "Object Controllers";
			sourceTree = "<group>";
		};
		E6BC798E15C4759800080762 = {
			isa = PBXGroup;
			children = (
				E6BC79A315C4759800080762 /* PraxPress */,
				E6EE3F2115C773D10025C04B /* NSSounds */,
				E6F1562515E58EA80098EC32 /* Images */,
				E6BC799A15C4759800080762 /* Products */,
			);
			sourceTree = "<group>";
		};
		E6BC799A15C4759800080762 /* Products */ = {
			isa = PBXGroup;
			children = (
				E6BC799915C4759800080762 /* PraxPress.app */,
			);
			name = Products;
			sourceTree = "<group>";
		};
		E6BC79A315C4759800080762 /* PraxPress */ = {
			isa = PBXGroup;
			children = (
				E66E6BF916951AFE006F07D1 /* PraxPress.entitlements */,
				E6BC79AF15C4759800080762 /* Document.h */,
				E6BC79B015C4759800080762 /* Document.m */,
				E6BC79B215C4759800080762 /* Document.xib */,
				E664659316A4D94E004E3448 /* Document.xcdatamodeld */,
				E661E63516279DF200EFD83A /* Object Controllers */,
				E661E63316279D5C00EFD83A /* View Controllers */,
				E661E63216279D3600EFD83A /* Entities */,
				E661E63416279DB500EFD83A /* Interface */,
				E624D84A15EAEC570066D7D7 /* Helpers */,
				E6BC79A415C4759800080762 /* Supporting Files */,
			);
			path = PraxPress;
			sourceTree = "<group>";
		};
		E6BC79A415C4759800080762 /* Supporting Files */ = {
			isa = PBXGroup;
			children = (
				E6BC79B515C4759800080762 /* MainMenu.xib */,
				E6BC79A515C4759800080762 /* PraxPress-Info.plist */,
				E6BC79A615C4759800080762 /* InfoPlist.strings */,
				E6BC79A915C4759800080762 /* main.m */,
				E6BC79AB15C4759800080762 /* PraxPress-Prefix.pch */,
				E6BC79AC15C4759800080762 /* Credits.rtf */,
			);
			name = "Supporting Files";
			sourceTree = "<group>";
		};
		E6EE3F2115C773D10025C04B /* NSSounds */ = {
			isa = PBXGroup;
			children = (
				E6EE3F2215C773D10025C04B /* Connect.wav */,
				E6EE3F2315C773D10025C04B /* Error.wav */,
				E6EE3F2415C773D10025C04B /* Start.wav */,
				E6EE3F2515C773D10025C04B /* Stop.wav */,
			);
			path = NSSounds;
			sourceTree = "<group>";
		};
		E6F1562515E58EA80098EC32 /* Images */ = {
			isa = PBXGroup;
			children = (
				E61010C0176FE08900ACF17D /* praxpress-document.icns */,
				E61010C1176FE08900ACF17D /* praxpress-templates.icns */,
				E6F6417116C0B77600FD5644 /* PraxPress.icns */,
				E6DECE9916AD9F830076BDC4 /* toggleLeft.png */,
				E6DECE9A16AD9F830076BDC4 /* toggleRight.png */,
				E6DECE9516AD26020076BDC4 /* toggleOff.png */,
				E6DECE9616AD26020076BDC4 /* toggleOn.png */,
				E6EA10A816ACD7680004800F /* Umbrella32x32.png */,
				E6EA10A416ACCEB40004800F /* SoundCloudName138x29.png */,
				E6EA10A516ACCEB40004800F /* WordPressName127x29.png */,
				E6EA108316A9CB090004800F /* icon-network-drive.tiff */,
				E6EA108416A9CB090004800F /* page_Arrow_Down_hi.tiff */,
				E6EA108516A9CB090004800F /* page_Arrow_Up_hi.tiff */,
			);
			path = Images;
			sourceTree = "<group>";
		};
/* End PBXGroup section */

/* Begin PBXNativeTarget section */
		E6BC799815C4759800080762 /* PraxPress */ = {
			isa = PBXNativeTarget;
			buildConfigurationList = E6BC79D115C4759800080762 /* Build configuration list for PBXNativeTarget "PraxPress" */;
			buildPhases = (
				E6BC799515C4759800080762 /* Sources */,
				E6BC799615C4759800080762 /* Frameworks */,
				E6BC799715C4759800080762 /* Resources */,
				E6D6F61215D97B66005CA87F /* CopyFiles */,
			);
			buildRules = (
			);
			dependencies = (
			);
			name = PraxPress;
			productName = PraxPress;
			productReference = E6BC799915C4759800080762 /* PraxPress.app */;
			productType = "com.apple.product-type.application";
		};
/* End PBXNativeTarget section */

/* Begin PBXProject section */
		E6BC799015C4759800080762 /* Project object */ = {
			isa = PBXProject;
			attributes = {
				LastUpgradeCheck = 0440;
				ORGANIZATIONNAME = ElmerCat;
				TargetAttributes = {
					E6BC799815C4759800080762 = {
						DevelopmentTeam = 49335V5QV4;
					};
				};
			};
			buildConfigurationList = E6BC799315C4759800080762 /* Build configuration list for PBXProject "PraxPress" */;
			compatibilityVersion = "Xcode 3.2";
			developmentRegion = English;
			hasScannedForEncodings = 0;
			knownRegions = (
				en,
			);
			mainGroup = E6BC798E15C4759800080762;
			productRefGroup = E6BC799A15C4759800080762 /* Products */;
			projectDirPath = "";
			projectRoot = "";
			targets = (
				E6BC799815C4759800080762 /* PraxPress */,
			);
		};
/* End PBXProject section */

/* Begin PBXResourcesBuildPhase section */
		E6BC799715C4759800080762 /* Resources */ = {
			isa = PBXResourcesBuildPhase;
			buildActionMask = 2147483647;
			files = (
				E6BC79A815C4759800080762 /* InfoPlist.strings in Resources */,
				E6BC79AE15C4759800080762 /* Credits.rtf in Resources */,
				E6BC79B415C4759800080762 /* Document.xib in Resources */,
				E6BC79B715C4759800080762 /* MainMenu.xib in Resources */,
				E6EE3F2615C773D10025C04B /* Connect.wav in Resources */,
				E6EE3F2715C773D10025C04B /* Error.wav in Resources */,
				E6EE3F2815C773D10025C04B /* Start.wav in Resources */,
				E6EE3F2915C773D10025C04B /* Stop.wav in Resources */,
				E665634415E9744400DFC7C9 /* TemplateView.xib in Resources */,
				E6F80B2B1623969100828086 /* ChangeValuesController.xib in Resources */,
				E661E62E1626182400EFD83A /* AccountViewController.xib in Resources */,
				E644B179168F671A0001CE52 /* SourceSelectionController.xib in Resources */,
				E66E6C02169F1252006F07D1 /* AssetDetailController.xib in Resources */,
				E66E6C0B169F78DF006F07D1 /* AssetPredicateController.xib in Resources */,
				E66E6C1316A0D998006F07D1 /* AssetTableCellView.xib in Resources */,
				E66E6C1916A1CCEC006F07D1 /* TemplateViewController.xib in Resources */,
				E66E6C2316A32691006F07D1 /* AssetMetadataPopover.xib in Resources */,
				E6EA108616A9CB090004800F /* icon-network-drive.tiff in Resources */,
				E6EA108716A9CB090004800F /* page_Arrow_Down_hi.tiff in Resources */,
				E6EA108816A9CB090004800F /* page_Arrow_Up_hi.tiff in Resources */,
				E6EA10A316AB22DD0004800F /* NewPlaylistPopover.xib in Resources */,
				E6EA10A616ACCEB40004800F /* SoundCloudName138x29.png in Resources */,
				E6EA10A716ACCEB40004800F /* WordPressName127x29.png in Resources */,
				E6EA10A916ACD7680004800F /* Umbrella32x32.png in Resources */,
				E6DECE9716AD26020076BDC4 /* toggleOff.png in Resources */,
				E6DECE9816AD26020076BDC4 /* toggleOn.png in Resources */,
				E6DECE9B16AD9F830076BDC4 /* toggleLeft.png in Resources */,
				E6DECE9C16AD9F830076BDC4 /* toggleRight.png in Resources */,
				E6F6417216C0B77600FD5644 /* PraxPress.icns in Resources */,
				E61010C2176FE08900ACF17D /* praxpress-document.icns in Resources */,
				E61010C3176FE08900ACF17D /* praxpress-templates.icns in Resources */,
			);
			runOnlyForDeploymentPostprocessing = 0;
		};
/* End PBXResourcesBuildPhase section */

/* Begin PBXSourcesBuildPhase section */
		E6BC799515C4759800080762 /* Sources */ = {
			isa = PBXSourcesBuildPhase;
			buildActionMask = 2147483647;
			files = (
				E6BC79AA15C4759800080762 /* main.m in Sources */,
				E6BC79B115C4759800080762 /* Document.m in Sources */,
				E6BC79F715C48FE300080762 /* SpecialProtocol.m in Sources */,
				E6ACA28615D6D41800373A3B /* UpdateController.m in Sources */,
				E6EDDE2915E021FB0039BEFD /* PraxTextFieldFormatter.m in Sources */,
				E63E87C215E05B5900110570 /* PraxTransformers.m in Sources */,
				E65BD6F515E7C63900D9F0A4 /* BatchController.m in Sources */,
				E624D84215EAB03D0066D7D7 /* Asset.m in Sources */,
				E64774AC16067BA0003BD981 /* TemplateViewController.m in Sources */,
				E606CDBE1606F1C000D34EDE /* AssetController.m in Sources */,
				E67782CA160D06990069FEE3 /* Account.m in Sources */,
				E6F80B2A1623969100828086 /* ChangeValuesController.m in Sources */,
				E661E62D1626182400EFD83A /* AccountViewController.m in Sources */,
				E6D19B94168AB11300D068BC /* AssetTableCellView.m in Sources */,
				E644B178168F671A0001CE52 /* SourceSelectionController.m in Sources */,
				E66E6C01169F1252006F07D1 /* AssetDetailController.m in Sources */,
				E66E6C0A169F78DF006F07D1 /* AssetPredicateController.m in Sources */,
				E66E6C2216A32691006F07D1 /* AssetMetadataPopover.m in Sources */,
				E6775E4816A4BF4C00CDA34B /* Template.m in Sources */,
				E664659516A4D94E004E3448 /* Document.xcdatamodeld in Sources */,
				E64555A916A76F6900740F45 /* TagController.m in Sources */,
				E64555AC16A773C000740F45 /* Tag.m in Sources */,
				E673D1AB16A9A05D002B060D /* PlaylistController.m in Sources */,
				E6EA10A216AB22DD0004800F /* NewPlaylistPopover.m in Sources */,
			);
			runOnlyForDeploymentPostprocessing = 0;
		};
/* End PBXSourcesBuildPhase section */

/* Begin PBXVariantGroup section */
		E6BC79A615C4759800080762 /* InfoPlist.strings */ = {
			isa = PBXVariantGroup;
			children = (
				E6BC79A715C4759800080762 /* en */,
			);
			name = InfoPlist.strings;
			sourceTree = "<group>";
		};
		E6BC79AC15C4759800080762 /* Credits.rtf */ = {
			isa = PBXVariantGroup;
			children = (
				E6BC79AD15C4759800080762 /* en */,
			);
			name = Credits.rtf;
			sourceTree = "<group>";
		};
		E6BC79B215C4759800080762 /* Document.xib */ = {
			isa = PBXVariantGroup;
			children = (
				E6BC79B315C4759800080762 /* en */,
			);
			name = Document.xib;
			sourceTree = "<group>";
		};
		E6BC79B515C4759800080762 /* MainMenu.xib */ = {
			isa = PBXVariantGroup;
			children = (
				E6BC79B615C4759800080762 /* en */,
			);
			name = MainMenu.xib;
			sourceTree = "<group>";
		};
/* End PBXVariantGroup section */

/* Begin XCBuildConfiguration section */
		E6BC79CF15C4759800080762 /* Debug */ = {
			isa = XCBuildConfiguration;
			buildSettings = {
				ALWAYS_SEARCH_USER_PATHS = YES;
				ARCHS = "$(ARCHS_STANDARD_64_BIT)";
				CLANG_CXX_LANGUAGE_STANDARD = "gnu++0x";
				CLANG_ENABLE_OBJC_ARC = YES;
				CLANG_WARN__DUPLICATE_METHOD_MATCH = YES;
				CODE_SIGN_IDENTITY = "Mac Developer";
				COPY_PHASE_STRIP = NO;
				FRAMEWORK_SEARCH_PATHS = "";
				GCC_C_LANGUAGE_STANDARD = gnu99;
				GCC_DYNAMIC_NO_PIC = NO;
				GCC_ENABLE_OBJC_EXCEPTIONS = YES;
				GCC_OPTIMIZATION_LEVEL = 0;
				GCC_PREPROCESSOR_DEFINITIONS = (
					"DEBUG=1",
					"$(inherited)",
				);
				GCC_SYMBOLS_PRIVATE_EXTERN = NO;
				GCC_WARN_64_TO_32_BIT_CONVERSION = YES;
				GCC_WARN_ABOUT_RETURN_TYPE = YES;
				GCC_WARN_UNINITIALIZED_AUTOS = YES;
				GCC_WARN_UNUSED_VARIABLE = YES;
				MACOSX_DEPLOYMENT_TARGET = 10.8;
				ONLY_ACTIVE_ARCH = YES;
				OTHER_LDFLAGS = "";
				PROVISIONING_PROFILE = "";
				SDKROOT = macosx;
			};
			name = Debug;
		};
		E6BC79D015C4759800080762 /* Release */ = {
			isa = XCBuildConfiguration;
			buildSettings = {
				ALWAYS_SEARCH_USER_PATHS = YES;
				ARCHS = "$(ARCHS_STANDARD_64_BIT)";
				CLANG_CXX_LANGUAGE_STANDARD = "gnu++0x";
				CLANG_ENABLE_OBJC_ARC = YES;
				CLANG_WARN__DUPLICATE_METHOD_MATCH = YES;
				CODE_SIGN_IDENTITY = "Mac Developer";
				COPY_PHASE_STRIP = YES;
				DEBUG_INFORMATION_FORMAT = "dwarf-with-dsym";
				FRAMEWORK_SEARCH_PATHS = "";
				GCC_C_LANGUAGE_STANDARD = gnu99;
				GCC_ENABLE_OBJC_EXCEPTIONS = YES;
				GCC_WARN_64_TO_32_BIT_CONVERSION = YES;
				GCC_WARN_ABOUT_RETURN_TYPE = YES;
				GCC_WARN_UNINITIALIZED_AUTOS = YES;
				GCC_WARN_UNUSED_VARIABLE = YES;
				MACOSX_DEPLOYMENT_TARGET = 10.8;
				OTHER_LDFLAGS = "";
				PROVISIONING_PROFILE = "";
				SDKROOT = macosx;
			};
			name = Release;
		};
		E6BC79D215C4759800080762 /* Debug */ = {
			isa = XCBuildConfiguration;
			buildSettings = {
				CODE_SIGN_ENTITLEMENTS = PraxPress/PraxPress.entitlements;
				CODE_SIGN_IDENTITY = "Mac Developer";
				COMBINE_HIDPI_IMAGES = YES;
				FRAMEWORK_SEARCH_PATHS = (
					"$(inherited)",
					"\"$(SRCROOT)\"",
				);
				GCC_PRECOMPILE_PREFIX_HEADER = YES;
				GCC_PREFIX_HEADER = "PraxPress/PraxPress-Prefix.pch";
				INFOPLIST_FILE = "PraxPress/PraxPress-Info.plist";
				PRODUCT_NAME = "$(TARGET_NAME)";
				PROVISIONING_PROFILE = "";
				WRAPPER_EXTENSION = app;
			};
			name = Debug;
		};
		E6BC79D315C4759800080762 /* Release */ = {
			isa = XCBuildConfiguration;
			buildSettings = {
				CODE_SIGN_ENTITLEMENTS = PraxPress/PraxPress.entitlements;
				CODE_SIGN_IDENTITY = "Mac Developer";
				COMBINE_HIDPI_IMAGES = YES;
				FRAMEWORK_SEARCH_PATHS = (
					"$(inherited)",
					"\"$(SRCROOT)\"",
				);
				GCC_PRECOMPILE_PREFIX_HEADER = YES;
				GCC_PREFIX_HEADER = "PraxPress/PraxPress-Prefix.pch";
				INFOPLIST_FILE = "PraxPress/PraxPress-Info.plist";
				PRODUCT_NAME = "$(TARGET_NAME)";
				PROVISIONING_PROFILE = "";
				WRAPPER_EXTENSION = app;
			};
			name = Release;
		};
/* End XCBuildConfiguration section */

/* Begin XCConfigurationList section */
		E6BC799315C4759800080762 /* Build configuration list for PBXProject "PraxPress" */ = {
			isa = XCConfigurationList;
			buildConfigurations = (
				E6BC79CF15C4759800080762 /* Debug */,
				E6BC79D015C4759800080762 /* Release */,
			);
			defaultConfigurationIsVisible = 0;
			defaultConfigurationName = Release;
		};
		E6BC79D115C4759800080762 /* Build configuration list for PBXNativeTarget "PraxPress" */ = {
			isa = XCConfigurationList;
			buildConfigurations = (
				E6BC79D215C4759800080762 /* Debug */,
				E6BC79D315C4759800080762 /* Release */,
			);
			defaultConfigurationIsVisible = 0;
			defaultConfigurationName = Release;
		};
/* End XCConfigurationList section */

/* Begin XCVersionGroup section */
		E664659316A4D94E004E3448 /* Document.xcdatamodeld */ = {
			isa = XCVersionGroup;
			children = (
				E664659616A4D9B0004E3448 /* Document1.0.xcdatamodel */,
				E664659416A4D94E004E3448 /* Document.xcdatamodel */,
			);
			currentVersion = E664659616A4D9B0004E3448 /* Document1.0.xcdatamodel */;
			path = Document.xcdatamodeld;
			sourceTree = "<group>";
			versionGroupType = wrapper.xcdatamodel;
		};
/* End XCVersionGroup section */
	};
	rootObject = E6BC799015C4759800080762 /* Project object */;
}
